// !$*UTF8*$!
{
	archiveVersion = 1;
	classes = {
	};
	objectVersion = 45;
	objects = {

/* Begin PBXBuildFile section */
		1429A906132A620900314A28 /* game_entities_1.lua in Resources */ = {isa = PBXBuildFile; fileRef = 1429A903132A620900314A28 /* game_entities_1.lua */; };
		1429A907132A620900314A28 /* gui.lua in Resources */ = {isa = PBXBuildFile; fileRef = 1429A904132A620900314A28 /* gui.lua */; };
		1429A908132A620900314A28 /* world1.lua in Resources */ = {isa = PBXBuildFile; fileRef = 1429A905132A620900314A28 /* world1.lua */; };
		142DA6C0132A742A00BD2A38 /* particle_test_scene.lua in Resources */ = {isa = PBXBuildFile; fileRef = 142DA6BF132A742A00BD2A38 /* particle_test_scene.lua */; };
		1430C7FC131F02F500AFA083 /* TextureTextRenderer.mm in Sources */ = {isa = PBXBuildFile; fileRef = 1430C7FB131F02F500AFA083 /* TextureTextRenderer.mm */; };
		1430CA7713201A3600AFA083 /* Diavlo_BLACK_II_37.otf in Resources */ = {isa = PBXBuildFile; fileRef = 1430CA7613201A3600AFA083 /* Diavlo_BLACK_II_37.otf */; };
		143C241012F9116F009B37EF /* zero.lua in Resources */ = {isa = PBXBuildFile; fileRef = 143C240F12F9116F009B37EF /* zero.lua */; };
		1447AA0A13272613000DCCD8 /* Particle.mm in Sources */ = {isa = PBXBuildFile; fileRef = 1447AA0813272612000DCCD8 /* Particle.mm */; };
		1447AA0D132730E7000DCCD8 /* ParticleManager.mm in Sources */ = {isa = PBXBuildFile; fileRef = 1447AA0B132730E5000DCCD8 /* ParticleManager.mm */; };
		1447AA141328897D000DCCD8 /* gecParticleSystem.mm in Sources */ = {isa = PBXBuildFile; fileRef = 1447AA131328897C000DCCD8 /* gecParticleSystem.mm */; };
		1453691512F359A100B97FB4 /* weapon_1.lua in Resources */ = {isa = PBXBuildFile; fileRef = 1453691412F359A100B97FB4 /* weapon_1.lua */; };
		145A10191311E5E00029FE31 /* libFTGLES.a in Frameworks */ = {isa = PBXBuildFile; fileRef = 14B127C913104A730015D418 /* libFTGLES.a */; };
		148AB5C513364E8D00FAB7CA /* sonic_theme.mp3 in Resources */ = {isa = PBXBuildFile; fileRef = 148AB5C413364E8D00FAB7CA /* sonic_theme.mp3 */; };
		148AB5C71337F22800FAB7CA /* character_ss_alpha.png in Resources */ = {isa = PBXBuildFile; fileRef = 148AB5C61337F22800FAB7CA /* character_ss_alpha.png */; };
		148B1F761310A2DC00B1CE94 /* gecFollowingCamera.mm in Sources */ = {isa = PBXBuildFile; fileRef = 148B1F731310A2DC00B1CE94 /* gecFollowingCamera.mm */; };
		148B1F771310A2DC00B1CE94 /* ICompCamera.mm in Sources */ = {isa = PBXBuildFile; fileRef = 148B1F751310A2DC00B1CE94 /* ICompCamera.mm */; };
		148B1F871310A44100B1CE94 /* FontManager.mm in Sources */ = {isa = PBXBuildFile; fileRef = 148B1F861310A44100B1CE94 /* FontManager.mm */; };
		148B1FBD1310AA9E00B1CE94 /* ftglesTextureFont.mm in Sources */ = {isa = PBXBuildFile; fileRef = 148B1FBC1310AA9E00B1CE94 /* ftglesTextureFont.mm */; };
		148B20D01310C9CA00B1CE94 /* TOONISH.ttf in Resources */ = {isa = PBXBuildFile; fileRef = 148B20CF1310C9CA00B1CE94 /* TOONISH.ttf */; };
		149EBD01132DC23800CCC900 /* particle_emmiter.lua in Resources */ = {isa = PBXBuildFile; fileRef = 149EBD00132DC23800CCC900 /* particle_emmiter.lua */; };
		149EBD05132DC37500CCC900 /* particle_emmiter_spray.lua in Resources */ = {isa = PBXBuildFile; fileRef = 149EBD04132DC37500CCC900 /* particle_emmiter_spray.lua */; };
		149EBD07132DC99D00CCC900 /* particle_emmiter_bomb.lua in Resources */ = {isa = PBXBuildFile; fileRef = 149EBD06132DC99D00CCC900 /* particle_emmiter_bomb.lua */; };
		14A2171B12E7884700A4D8EC /* base_functions.lua in Resources */ = {isa = PBXBuildFile; fileRef = 14A2170512E7884700A4D8EC /* base_functions.lua */; };
		14A2171C12E7884700A4D8EC /* ComponentBuilder.lua in Resources */ = {isa = PBXBuildFile; fileRef = 14A2170612E7884700A4D8EC /* ComponentBuilder.lua */; };
		14A2171D12E7884700A4D8EC /* EntityBuilder.lua in Resources */ = {isa = PBXBuildFile; fileRef = 14A2170712E7884700A4D8EC /* EntityBuilder.lua */; };
		14A2171E12E7884700A4D8EC /* EntityMap.lua in Resources */ = {isa = PBXBuildFile; fileRef = 14A2170812E7884700A4D8EC /* EntityMap.lua */; };
		14A2171F12E7884700A4D8EC /* Pickle.lua in Resources */ = {isa = PBXBuildFile; fileRef = 14A2170912E7884700A4D8EC /* Pickle.lua */; };
		14A2172012E7884700A4D8EC /* PrimitiveBuilder.lua in Resources */ = {isa = PBXBuildFile; fileRef = 14A2170A12E7884700A4D8EC /* PrimitiveBuilder.lua */; };
		14A2172112E7884700A4D8EC /* SceneBuilder.lua in Resources */ = {isa = PBXBuildFile; fileRef = 14A2170B12E7884700A4D8EC /* SceneBuilder.lua */; };
		14A2172212E7884700A4D8EC /* tableprint.lua in Resources */ = {isa = PBXBuildFile; fileRef = 14A2170C12E7884700A4D8EC /* tableprint.lua */; };
		14A2172312E7884700A4D8EC /* gecFSM_interface.lua in Resources */ = {isa = PBXBuildFile; fileRef = 14A2170E12E7884700A4D8EC /* gecFSM_interface.lua */; };
		14A2172812E7884700A4D8EC /* event_manager.lua in Resources */ = {isa = PBXBuildFile; fileRef = 14A2171512E7884700A4D8EC /* event_manager.lua */; };
		14A2172912E7884700A4D8EC /* init.lua in Resources */ = {isa = PBXBuildFile; fileRef = 14A2171612E7884700A4D8EC /* init.lua */; };
		14A2172A12E7884700A4D8EC /* main.lua in Resources */ = {isa = PBXBuildFile; fileRef = 14A2171712E7884700A4D8EC /* main.lua */; };
		14A218A212E89AC500A4D8EC /* character.lua in Resources */ = {isa = PBXBuildFile; fileRef = 14A218A112E89AC500A4D8EC /* character.lua */; };
		14AC7E12132E4DA300D5ACA7 /* OpenAL.framework in Frameworks */ = {isa = PBXBuildFile; fileRef = 14AC7E11132E4DA300D5ACA7 /* OpenAL.framework */; };
		14AC7E14132E4DAB00D5ACA7 /* AVFoundation.framework in Frameworks */ = {isa = PBXBuildFile; fileRef = 14AC7E13132E4DAB00D5ACA7 /* AVFoundation.framework */; };
		14AC9047133083E700BB0A26 /* CDAudioManager.m in Sources */ = {isa = PBXBuildFile; fileRef = 14AC903E133083E700BB0A26 /* CDAudioManager.m */; };
		14AC9048133083E700BB0A26 /* CDOpenALSupport.m in Sources */ = {isa = PBXBuildFile; fileRef = 14AC9041133083E700BB0A26 /* CDOpenALSupport.m */; };
		14AC9049133083E700BB0A26 /* CocosDenshion.m in Sources */ = {isa = PBXBuildFile; fileRef = 14AC9043133083E700BB0A26 /* CocosDenshion.m */; };
		14AC904A133083E700BB0A26 /* SimpleAudioEngine.mm in Sources */ = {isa = PBXBuildFile; fileRef = 14AC9044133083E700BB0A26 /* SimpleAudioEngine.mm */; };
		14AC904B133083E700BB0A26 /* SimpleAudioEngine_objc.m in Sources */ = {isa = PBXBuildFile; fileRef = 14AC9046133083E700BB0A26 /* SimpleAudioEngine_objc.m */; };
		14ADA21D132E4F9800D3571D /* AudioToolbox.framework in Frameworks */ = {isa = PBXBuildFile; fileRef = 14ADA21C132E4F9800D3571D /* AudioToolbox.framework */; };
		14D1A7F512EDD8180070D86F /* hitter_1.lua in Resources */ = {isa = PBXBuildFile; fileRef = 14D1A7F312EDD8180070D86F /* hitter_1.lua */; };
		14D1A7F612EDD8180070D86F /* joypad_1.lua in Resources */ = {isa = PBXBuildFile; fileRef = 14D1A7F412EDD8180070D86F /* joypad_1.lua */; };
		14D1A85112EDE0570070D86F /* button_attack.lua in Resources */ = {isa = PBXBuildFile; fileRef = 14D1A85012EDE0570070D86F /* button_attack.lua */; };
		14D2B9FA132AAECB00840B7C /* Particle2.pvr in Resources */ = {isa = PBXBuildFile; fileRef = 14E31479121E47FE00917795 /* Particle2.pvr */; };
		14D2B9FB132AAECB00840B7C /* Particles3.pvr in Resources */ = {isa = PBXBuildFile; fileRef = 14E3147A121E47FE00917795 /* Particles3.pvr */; };
		14DC3FC612FDDE71004CC360 /* config_functions.lua in Resources */ = {isa = PBXBuildFile; fileRef = 14DC3FC512FDDE71004CC360 /* config_functions.lua */; };
		14DC3FD312FDDE8E004CC360 /* config.lua in Resources */ = {isa = PBXBuildFile; fileRef = 14DC3FD212FDDE8E004CC360 /* config.lua */; };
		14DEBDC7131077B90094F680 /* libbox2d.a in Frameworks */ = {isa = PBXBuildFile; fileRef = 14DEBD9A1310777C0094F680 /* libbox2d.a */; };
		14DEC0301310835C0094F680 /* CompBehaviour.mm in Sources */ = {isa = PBXBuildFile; fileRef = 14DEBF561310835C0094F680 /* CompBehaviour.mm */; };
		14DEC0311310835C0094F680 /* gecFSM.mm in Sources */ = {isa = PBXBuildFile; fileRef = 14DEBF581310835C0094F680 /* gecFSM.mm */; };
		14DEC0321310835C0094F680 /* CompCollisionable.mm in Sources */ = {isa = PBXBuildFile; fileRef = 14DEBF5B1310835C0094F680 /* CompCollisionable.mm */; };
		14DEC0331310835C0094F680 /* gecBoxCollisionable.mm in Sources */ = {isa = PBXBuildFile; fileRef = 14DEBF5D1310835C0094F680 /* gecBoxCollisionable.mm */; };
		14DEC0351310835C0094F680 /* CompTouchable.mm in Sources */ = {isa = PBXBuildFile; fileRef = 14DEBF621310835C0094F680 /* CompTouchable.mm */; };
		14DEC0361310835C0094F680 /* gecButton.mm in Sources */ = {isa = PBXBuildFile; fileRef = 14DEBF641310835C0094F680 /* gecButton.mm */; };
		14DEC0371310835C0094F680 /* gecJoystick.mm in Sources */ = {isa = PBXBuildFile; fileRef = 14DEBF661310835C0094F680 /* gecJoystick.mm */; };
		14DEC0381310835C0094F680 /* TouchableManager.mm in Sources */ = {isa = PBXBuildFile; fileRef = 14DEBF681310835C0094F680 /* TouchableManager.mm */; };
		14DEC0391310835C0094F680 /* CompHealth.cpp in Sources */ = {isa = PBXBuildFile; fileRef = 14DEBF6A1310835C0094F680 /* CompHealth.cpp */; };
		14DEC03A1310835C0094F680 /* gecHealthHuman.cpp in Sources */ = {isa = PBXBuildFile; fileRef = 14DEBF6C1310835C0094F680 /* gecHealthHuman.cpp */; };
		14DEC03D1310835C0094F680 /* CompLevelLoader.mm in Sources */ = {isa = PBXBuildFile; fileRef = 14DEBF741310835C0094F680 /* CompLevelLoader.mm */; };
		14DEC03E1310835C0094F680 /* CompSpawn.mm in Sources */ = {isa = PBXBuildFile; fileRef = 14DEBF771310835C0094F680 /* CompSpawn.mm */; };
		14DEC03F1310835C0094F680 /* gecAnimatedSprite.mm in Sources */ = {isa = PBXBuildFile; fileRef = 14DEBF7B1310835C0094F680 /* gecAnimatedSprite.mm */; };
		14DEC0431310835C0094F680 /* gecVisualContainer.mm in Sources */ = {isa = PBXBuildFile; fileRef = 14DEBF831310835C0094F680 /* gecVisualContainer.mm */; };
		14DEC0441310835C0094F680 /* gecVisual.mm in Sources */ = {isa = PBXBuildFile; fileRef = 14DEBF841310835C0094F680 /* gecVisual.mm */; };
		14DEC0451310835C0094F680 /* CompWeapon.mm in Sources */ = {isa = PBXBuildFile; fileRef = 14DEBF881310835C0094F680 /* CompWeapon.mm */; };
		14DEC0461310835C0094F680 /* gecWeapon.mm in Sources */ = {isa = PBXBuildFile; fileRef = 14DEBF8A1310835C0094F680 /* gecWeapon.mm */; };
		14DEC0471310835C0094F680 /* GEComponent.mm in Sources */ = {isa = PBXBuildFile; fileRef = 14DEBF8C1310835C0094F680 /* GEComponent.mm */; };
		14DEC0481310835C0094F680 /* GameEntity.mm in Sources */ = {isa = PBXBuildFile; fileRef = 14DEBF8F1310835C0094F680 /* GameEntity.mm */; };
		14DEC0491310835C0094F680 /* id_generator.mm in Sources */ = {isa = PBXBuildFile; fileRef = 14DEBF911310835C0094F680 /* id_generator.mm */; };
		14DEC06D1310835C0094F680 /* GLES-Render.cpp in Sources */ = {isa = PBXBuildFile; fileRef = 14DEBFE61310835C0094F680 /* GLES-Render.cpp */; };
		14DEC06E1310835C0094F680 /* GandoBox2D.mm in Sources */ = {isa = PBXBuildFile; fileRef = 14DEBFE91310835C0094F680 /* GandoBox2D.mm */; };
		14DEC06F1310835C0094F680 /* GContactListener.mm in Sources */ = {isa = PBXBuildFile; fileRef = 14DEBFEB1310835C0094F680 /* GContactListener.mm */; };
		14DEC0701310835C0094F680 /* LuaManager.mm in Sources */ = {isa = PBXBuildFile; fileRef = 14DEBFF01310835C0094F680 /* LuaManager.mm */; };
		14DEC0721310835C0094F680 /* PVRTexture.m in Sources */ = {isa = PBXBuildFile; fileRef = 14DEBFFB1310835C0094F680 /* PVRTexture.m */; };
		14DEC0731310835C0094F680 /* Texture2D.m in Sources */ = {isa = PBXBuildFile; fileRef = 14DEBFFD1310835C0094F680 /* Texture2D.m */; };
		14DEC0791310835C0094F680 /* EAGLView.mm in Sources */ = {isa = PBXBuildFile; fileRef = 14DEC00D1310835C0094F680 /* EAGLView.mm */; };
		14DEC07A1310835C0094F680 /* ES1Renderer.mm in Sources */ = {isa = PBXBuildFile; fileRef = 14DEC00F1310835C0094F680 /* ES1Renderer.mm */; };
		14DEC07B1310835C0094F680 /* ES2Renderer.mm in Sources */ = {isa = PBXBuildFile; fileRef = 14DEC0111310835C0094F680 /* ES2Renderer.mm */; };
		14DEC07C1310835C0094F680 /* Scene.mm in Sources */ = {isa = PBXBuildFile; fileRef = 14DEC0151310835C0094F680 /* Scene.mm */; };
		14DEC07D1310835C0094F680 /* GETemplateManager.mm in Sources */ = {isa = PBXBuildFile; fileRef = 14DEC0181310835C0094F680 /* GETemplateManager.mm */; };
		14DEC07E1310835C0094F680 /* SceneManager.mm in Sources */ = {isa = PBXBuildFile; fileRef = 14DEC01A1310835C0094F680 /* SceneManager.mm */; };
		14DEC0811310835C0094F680 /* SharedTextureManager.mm in Sources */ = {isa = PBXBuildFile; fileRef = 14DEC0201310835C0094F680 /* SharedTextureManager.mm */; };
		14DEC0821310835C0094F680 /* Animation.mm in Sources */ = {isa = PBXBuildFile; fileRef = 14DEC0231310835C0094F680 /* Animation.mm */; };
		14DEC0831310835C0094F680 /* Frame.mm in Sources */ = {isa = PBXBuildFile; fileRef = 14DEC0251310835C0094F680 /* Frame.mm */; };
		14DEC0841310835C0094F680 /* Image.mm in Sources */ = {isa = PBXBuildFile; fileRef = 14DEC0271310835C0094F680 /* Image.mm */; };
		14DEC0851310835C0094F680 /* SpriteSheet.mm in Sources */ = {isa = PBXBuildFile; fileRef = 14DEC0291310835C0094F680 /* SpriteSheet.mm */; };
		14DEC0861310835C0094F680 /* FileUtils.mm in Sources */ = {isa = PBXBuildFile; fileRef = 14DEC02C1310835C0094F680 /* FileUtils.mm */; };
		14DEC0871310835C0094F680 /* HardwareClock.cpp in Sources */ = {isa = PBXBuildFile; fileRef = 14DEC02D1310835C0094F680 /* HardwareClock.cpp */; };
		14E1A25D1332833A007C847F /* hitbutton.png in Resources */ = {isa = PBXBuildFile; fileRef = 14E1A25C1332833A007C847F /* hitbutton.png */; };
		14E31465121E47E200917795 /* main.mm in Sources */ = {isa = PBXBuildFile; fileRef = 14E31415121E47E200917795 /* main.mm */; };
		14E31466121E47E200917795 /* Particles_2AppDelegate.mm in Sources */ = {isa = PBXBuildFile; fileRef = 14E31417121E47E200917795 /* Particles_2AppDelegate.mm */; };
		14E31488121E47FE00917795 /* MainWindow.xib in Resources */ = {isa = PBXBuildFile; fileRef = 14E31469121E47FE00917795 /* MainWindow.xib */; };
		14E3148E121E47FE00917795 /* button_attack.png in Resources */ = {isa = PBXBuildFile; fileRef = 14E31470121E47FE00917795 /* button_attack.png */; };
		14E31490121E47FE00917795 /* gando_box.png in Resources */ = {isa = PBXBuildFile; fileRef = 14E31472121E47FE00917795 /* gando_box.png */; };
		14E31492121E47FE00917795 /* hitter1_1.png in Resources */ = {isa = PBXBuildFile; fileRef = 14E31474121E47FE00917795 /* hitter1_1.png */; };
		14E31493121E47FE00917795 /* Icon.png in Resources */ = {isa = PBXBuildFile; fileRef = 14E31475121E47FE00917795 /* Icon.png */; };
		14E31494121E47FE00917795 /* joypad_move.png in Resources */ = {isa = PBXBuildFile; fileRef = 14E31476121E47FE00917795 /* joypad_move.png */; };
		14E31495121E47FE00917795 /* joystick-moving-path.png in Resources */ = {isa = PBXBuildFile; fileRef = 14E31477121E47FE00917795 /* joystick-moving-path.png */; };
		14E31499121E47FE00917795 /* pixel.png in Resources */ = {isa = PBXBuildFile; fileRef = 14E3147B121E47FE00917795 /* pixel.png */; };
		14E3149C121E47FE00917795 /* scenario_3.png in Resources */ = {isa = PBXBuildFile; fileRef = 14E3147E121E47FE00917795 /* scenario_3.png */; };
		14E3149E121E47FE00917795 /* smoke.png in Resources */ = {isa = PBXBuildFile; fileRef = 14E31480121E47FE00917795 /* smoke.png */; };
		14E3149F121E47FE00917795 /* smoke.pvr in Resources */ = {isa = PBXBuildFile; fileRef = 14E31481121E47FE00917795 /* smoke.pvr */; };
		14E314A0121E47FE00917795 /* sprite_test.png in Resources */ = {isa = PBXBuildFile; fileRef = 14E31482121E47FE00917795 /* sprite_test.png */; };
		14E314D0121E49B900917795 /* CoreGraphics.framework in Frameworks */ = {isa = PBXBuildFile; fileRef = 14E314CF121E49B900917795 /* CoreGraphics.framework */; };
		14F64F2513101665006DBA13 /* libluabind.a in Frameworks */ = {isa = PBXBuildFile; fileRef = 144BAA2113100C77005AD895 /* libluabind.a */; };
		14F64F3013101681006DBA13 /* libLua.a in Frameworks */ = {isa = PBXBuildFile; fileRef = 14F64F2F13101678006DBA13 /* libLua.a */; };
		14FB89E4121E4AC400E1B242 /* QuartzCore.framework in Frameworks */ = {isa = PBXBuildFile; fileRef = 14FB89E3121E4AC400E1B242 /* QuartzCore.framework */; };
		14FB89E8121E4ACC00E1B242 /* OpenGLES.framework in Frameworks */ = {isa = PBXBuildFile; fileRef = 14FB89E7121E4ACC00E1B242 /* OpenGLES.framework */; };
		14FB89EC121E4AD400E1B242 /* UIKit.framework in Frameworks */ = {isa = PBXBuildFile; fileRef = 14FB89EB121E4AD400E1B242 /* UIKit.framework */; };
		14FB89F0121E4ADB00E1B242 /* Foundation.framework in Frameworks */ = {isa = PBXBuildFile; fileRef = 14FB89EF121E4ADB00E1B242 /* Foundation.framework */; };
		14FB89FA121E4C3300E1B242 /* Shader.fsh in Resources */ = {isa = PBXBuildFile; fileRef = 14E31485121E47FE00917795 /* Shader.fsh */; };
		14FB89FB121E4C3300E1B242 /* Shader.vsh in Resources */ = {isa = PBXBuildFile; fileRef = 14E31486121E47FE00917795 /* Shader.vsh */; };
/* End PBXBuildFile section */

/* Begin PBXContainerItemProxy section */
		144BAA2013100C77005AD895 /* PBXContainerItemProxy */ = {
			isa = PBXContainerItemProxy;
			containerPortal = 144BAA1913100C77005AD895 /* luabind.xcodeproj */;
			proxyType = 2;
			remoteGlobalIDString = D2AAC07E0554694100DB518D;
			remoteInfo = luabind;
		};
		144BAA2913100CCD005AD895 /* PBXContainerItemProxy */ = {
			isa = PBXContainerItemProxy;
			containerPortal = 144BAA1913100C77005AD895 /* luabind.xcodeproj */;
			proxyType = 1;
			remoteGlobalIDString = D2AAC07D0554694100DB518D;
			remoteInfo = luabind;
		};
		145A10171311E5CE0029FE31 /* PBXContainerItemProxy */ = {
			isa = PBXContainerItemProxy;
			containerPortal = 14B127BD13104A720015D418 /* ftgles.xcodeproj */;
			proxyType = 1;
			remoteGlobalIDString = 63A6FD500FB1F7AF00C38E72;
			remoteInfo = FTGLES;
		};
		14B127C813104A730015D418 /* PBXContainerItemProxy */ = {
			isa = PBXContainerItemProxy;
			containerPortal = 14B127BD13104A720015D418 /* ftgles.xcodeproj */;
			proxyType = 2;
			remoteGlobalIDString = 63A6FE900FB1F7AF00C38E72;
			remoteInfo = FTGLES;
		};
		14DEBD991310777C0094F680 /* PBXContainerItemProxy */ = {
			isa = PBXContainerItemProxy;
			containerPortal = 14DEBD921310777C0094F680 /* box2d.xcodeproj */;
			proxyType = 2;
			remoteGlobalIDString = D2AAC07E0554694100DB518D;
			remoteInfo = box2d;
		};
		14DEBDA51310778D0094F680 /* PBXContainerItemProxy */ = {
			isa = PBXContainerItemProxy;
			containerPortal = 14DEBD921310777C0094F680 /* box2d.xcodeproj */;
			proxyType = 1;
			remoteGlobalIDString = D2AAC07D0554694100DB518D;
			remoteInfo = box2d;
		};
		14F64F2E13101678006DBA13 /* PBXContainerItemProxy */ = {
			isa = PBXContainerItemProxy;
			containerPortal = 14F64F2A13101678006DBA13 /* Lua.xcodeproj */;
			proxyType = 2;
			remoteGlobalIDString = D2AAC07E0554694100DB518D;
			remoteInfo = Lua;
		};
/* End PBXContainerItemProxy section */

/* Begin PBXFileReference section */
		1429A903132A620900314A28 /* game_entities_1.lua */ = {isa = PBXFileReference; fileEncoding = 4; lastKnownFileType = text; path = game_entities_1.lua; sourceTree = "<group>"; };
		1429A904132A620900314A28 /* gui.lua */ = {isa = PBXFileReference; fileEncoding = 4; lastKnownFileType = text; path = gui.lua; sourceTree = "<group>"; };
		1429A905132A620900314A28 /* world1.lua */ = {isa = PBXFileReference; fileEncoding = 4; lastKnownFileType = text; path = world1.lua; sourceTree = "<group>"; };
		142DA6BF132A742A00BD2A38 /* particle_test_scene.lua */ = {isa = PBXFileReference; fileEncoding = 4; lastKnownFileType = text; path = particle_test_scene.lua; sourceTree = "<group>"; };
		1430C7FA131F02F500AFA083 /* TextureTextRenderer.h */ = {isa = PBXFileReference; fileEncoding = 4; lastKnownFileType = sourcecode.c.h; path = TextureTextRenderer.h; sourceTree = "<group>"; };
		1430C7FB131F02F500AFA083 /* TextureTextRenderer.mm */ = {isa = PBXFileReference; fileEncoding = 4; lastKnownFileType = sourcecode.cpp.objcpp; path = TextureTextRenderer.mm; sourceTree = "<group>"; };
		1430C81B131F050000AFA083 /* IFont.h */ = {isa = PBXFileReference; fileEncoding = 4; lastKnownFileType = sourcecode.c.h; path = IFont.h; sourceTree = "<group>"; };
		1430CA7613201A3600AFA083 /* Diavlo_BLACK_II_37.otf */ = {isa = PBXFileReference; lastKnownFileType = file; path = Diavlo_BLACK_II_37.otf; sourceTree = "<group>"; };
		143C240F12F9116F009B37EF /* zero.lua */ = {isa = PBXFileReference; fileEncoding = 4; lastKnownFileType = text; path = zero.lua; sourceTree = "<group>"; };
		1447AA0813272612000DCCD8 /* Particle.mm */ = {isa = PBXFileReference; fileEncoding = 4; lastKnownFileType = sourcecode.cpp.objcpp; path = Particle.mm; sourceTree = "<group>"; };
		1447AA0913272612000DCCD8 /* Particle.h */ = {isa = PBXFileReference; fileEncoding = 4; lastKnownFileType = sourcecode.c.h; path = Particle.h; sourceTree = "<group>"; };
		1447AA0B132730E5000DCCD8 /* ParticleManager.mm */ = {isa = PBXFileReference; fileEncoding = 4; lastKnownFileType = sourcecode.cpp.objcpp; name = ParticleManager.mm; path = ../Particles/ParticleManager.mm; sourceTree = "<group>"; };
		1447AA0C132730E6000DCCD8 /* ParticleManager.h */ = {isa = PBXFileReference; fileEncoding = 4; lastKnownFileType = sourcecode.c.h; name = ParticleManager.h; path = ../Particles/ParticleManager.h; sourceTree = "<group>"; };
		1447AA0E13283E55000DCCD8 /* ObjectPool.h */ = {isa = PBXFileReference; fileEncoding = 4; lastKnownFileType = sourcecode.c.h; path = ObjectPool.h; sourceTree = "<group>"; };
		1447AA121328897C000DCCD8 /* gecParticleSystem.h */ = {isa = PBXFileReference; fileEncoding = 4; lastKnownFileType = sourcecode.c.h; path = gecParticleSystem.h; sourceTree = "<group>"; };
		1447AA131328897C000DCCD8 /* gecParticleSystem.mm */ = {isa = PBXFileReference; fileEncoding = 4; lastKnownFileType = sourcecode.cpp.objcpp; path = gecParticleSystem.mm; sourceTree = "<group>"; };
		144BAA1913100C77005AD895 /* luabind.xcodeproj */ = {isa = PBXFileReference; lastKnownFileType = "wrapper.pb-project"; name = luabind.xcodeproj; path = Libraries/luabind/luabind.xcodeproj; sourceTree = "<group>"; };
		1453691412F359A100B97FB4 /* weapon_1.lua */ = {isa = PBXFileReference; fileEncoding = 4; lastKnownFileType = text; path = weapon_1.lua; sourceTree = "<group>"; };
		148AB5C413364E8D00FAB7CA /* sonic_theme.mp3 */ = {isa = PBXFileReference; lastKnownFileType = audio.mp3; name = sonic_theme.mp3; path = ../../../../../../Desktop/sonic_theme.mp3; sourceTree = "<group>"; };
		148AB5C61337F22800FAB7CA /* character_ss_alpha.png */ = {isa = PBXFileReference; lastKnownFileType = image.png; path = character_ss_alpha.png; sourceTree = "<group>"; };
		148B1F721310A2DC00B1CE94 /* gecFollowingCamera.h */ = {isa = PBXFileReference; fileEncoding = 4; lastKnownFileType = sourcecode.c.h; path = gecFollowingCamera.h; sourceTree = "<group>"; };
		148B1F731310A2DC00B1CE94 /* gecFollowingCamera.mm */ = {isa = PBXFileReference; fileEncoding = 4; lastKnownFileType = sourcecode.cpp.objcpp; path = gecFollowingCamera.mm; sourceTree = "<group>"; };
		148B1F741310A2DC00B1CE94 /* ICompCamera.h */ = {isa = PBXFileReference; fileEncoding = 4; lastKnownFileType = sourcecode.c.h; path = ICompCamera.h; sourceTree = "<group>"; };
		148B1F751310A2DC00B1CE94 /* ICompCamera.mm */ = {isa = PBXFileReference; fileEncoding = 4; lastKnownFileType = sourcecode.cpp.objcpp; path = ICompCamera.mm; sourceTree = "<group>"; };
		148B1F851310A44100B1CE94 /* FontManager.h */ = {isa = PBXFileReference; fileEncoding = 4; lastKnownFileType = sourcecode.c.h; path = FontManager.h; sourceTree = "<group>"; };
		148B1F861310A44100B1CE94 /* FontManager.mm */ = {isa = PBXFileReference; fileEncoding = 4; lastKnownFileType = sourcecode.cpp.objcpp; path = FontManager.mm; sourceTree = "<group>"; };
		148B1FBB1310AA9E00B1CE94 /* ftglesTextureFont.h */ = {isa = PBXFileReference; fileEncoding = 4; lastKnownFileType = sourcecode.c.h; path = ftglesTextureFont.h; sourceTree = "<group>"; };
		148B1FBC1310AA9E00B1CE94 /* ftglesTextureFont.mm */ = {isa = PBXFileReference; fileEncoding = 4; lastKnownFileType = sourcecode.cpp.objcpp; path = ftglesTextureFont.mm; sourceTree = "<group>"; };
		148B20CF1310C9CA00B1CE94 /* TOONISH.ttf */ = {isa = PBXFileReference; lastKnownFileType = file; path = TOONISH.ttf; sourceTree = "<group>"; };
		1498C7241329830400BA6EAF /* Range.h */ = {isa = PBXFileReference; fileEncoding = 4; lastKnownFileType = sourcecode.c.h; path = Range.h; sourceTree = "<group>"; };
		149EBD00132DC23800CCC900 /* particle_emmiter.lua */ = {isa = PBXFileReference; fileEncoding = 4; lastKnownFileType = text; path = particle_emmiter.lua; sourceTree = "<group>"; };
		149EBD04132DC37500CCC900 /* particle_emmiter_spray.lua */ = {isa = PBXFileReference; fileEncoding = 4; lastKnownFileType = text; path = particle_emmiter_spray.lua; sourceTree = "<group>"; };
		149EBD06132DC99D00CCC900 /* particle_emmiter_bomb.lua */ = {isa = PBXFileReference; fileEncoding = 4; lastKnownFileType = text; path = particle_emmiter_bomb.lua; sourceTree = "<group>"; };
		14A2170512E7884700A4D8EC /* base_functions.lua */ = {isa = PBXFileReference; fileEncoding = 4; lastKnownFileType = text; path = base_functions.lua; sourceTree = "<group>"; };
		14A2170612E7884700A4D8EC /* ComponentBuilder.lua */ = {isa = PBXFileReference; fileEncoding = 4; lastKnownFileType = text; path = ComponentBuilder.lua; sourceTree = "<group>"; };
		14A2170712E7884700A4D8EC /* EntityBuilder.lua */ = {isa = PBXFileReference; fileEncoding = 4; lastKnownFileType = text; path = EntityBuilder.lua; sourceTree = "<group>"; };
		14A2170812E7884700A4D8EC /* EntityMap.lua */ = {isa = PBXFileReference; fileEncoding = 4; lastKnownFileType = text; path = EntityMap.lua; sourceTree = "<group>"; };
		14A2170912E7884700A4D8EC /* Pickle.lua */ = {isa = PBXFileReference; fileEncoding = 4; lastKnownFileType = text; path = Pickle.lua; sourceTree = "<group>"; };
		14A2170A12E7884700A4D8EC /* PrimitiveBuilder.lua */ = {isa = PBXFileReference; fileEncoding = 4; lastKnownFileType = text; path = PrimitiveBuilder.lua; sourceTree = "<group>"; };
		14A2170B12E7884700A4D8EC /* SceneBuilder.lua */ = {isa = PBXFileReference; fileEncoding = 4; lastKnownFileType = text; path = SceneBuilder.lua; sourceTree = "<group>"; };
		14A2170C12E7884700A4D8EC /* tableprint.lua */ = {isa = PBXFileReference; fileEncoding = 4; lastKnownFileType = text; path = tableprint.lua; sourceTree = "<group>"; };
		14A2170E12E7884700A4D8EC /* gecFSM_interface.lua */ = {isa = PBXFileReference; fileEncoding = 4; lastKnownFileType = text; path = gecFSM_interface.lua; sourceTree = "<group>"; };
		14A2171512E7884700A4D8EC /* event_manager.lua */ = {isa = PBXFileReference; fileEncoding = 4; lastKnownFileType = text; path = event_manager.lua; sourceTree = "<group>"; };
		14A2171612E7884700A4D8EC /* init.lua */ = {isa = PBXFileReference; fileEncoding = 4; lastKnownFileType = text; path = init.lua; sourceTree = "<group>"; xcLanguageSpecificationIdentifier = xcode.lang.lua; };
		14A2171712E7884700A4D8EC /* main.lua */ = {isa = PBXFileReference; fileEncoding = 4; lastKnownFileType = text; path = main.lua; sourceTree = "<group>"; };
		14A218A112E89AC500A4D8EC /* character.lua */ = {isa = PBXFileReference; fileEncoding = 4; lastKnownFileType = text; path = character.lua; sourceTree = "<group>"; };
		14AC7E11132E4DA300D5ACA7 /* OpenAL.framework */ = {isa = PBXFileReference; lastKnownFileType = wrapper.framework; name = OpenAL.framework; path = System/Library/Frameworks/OpenAL.framework; sourceTree = SDKROOT; };
		14AC7E13132E4DAB00D5ACA7 /* AVFoundation.framework */ = {isa = PBXFileReference; lastKnownFileType = wrapper.framework; name = AVFoundation.framework; path = System/Library/Frameworks/AVFoundation.framework; sourceTree = SDKROOT; };
		14AC9036133071DE00BB0A26 /* libCocosDenshion.a */ = {isa = PBXFileReference; explicitFileType = archive.ar; path = libCocosDenshion.a; sourceTree = BUILT_PRODUCTS_DIR; };
		14AC903A133083E700BB0A26 /* Export.h */ = {isa = PBXFileReference; fileEncoding = 4; lastKnownFileType = sourcecode.c.h; path = Export.h; sourceTree = "<group>"; };
		14AC903B133083E700BB0A26 /* SimpleAudioEngine.h */ = {isa = PBXFileReference; fileEncoding = 4; lastKnownFileType = sourcecode.c.h; path = SimpleAudioEngine.h; sourceTree = "<group>"; };
		14AC903D133083E700BB0A26 /* CDAudioManager.h */ = {isa = PBXFileReference; fileEncoding = 4; lastKnownFileType = sourcecode.c.h; path = CDAudioManager.h; sourceTree = "<group>"; };
		14AC903E133083E700BB0A26 /* CDAudioManager.m */ = {isa = PBXFileReference; fileEncoding = 4; lastKnownFileType = sourcecode.c.objc; path = CDAudioManager.m; sourceTree = "<group>"; };
		14AC903F133083E700BB0A26 /* CDConfig.h */ = {isa = PBXFileReference; fileEncoding = 4; lastKnownFileType = sourcecode.c.h; path = CDConfig.h; sourceTree = "<group>"; };
		14AC9040133083E700BB0A26 /* CDOpenALSupport.h */ = {isa = PBXFileReference; fileEncoding = 4; lastKnownFileType = sourcecode.c.h; path = CDOpenALSupport.h; sourceTree = "<group>"; };
		14AC9041133083E700BB0A26 /* CDOpenALSupport.m */ = {isa = PBXFileReference; fileEncoding = 4; lastKnownFileType = sourcecode.c.objc; path = CDOpenALSupport.m; sourceTree = "<group>"; };
		14AC9042133083E700BB0A26 /* CocosDenshion.h */ = {isa = PBXFileReference; fileEncoding = 4; lastKnownFileType = sourcecode.c.h; path = CocosDenshion.h; sourceTree = "<group>"; };
		14AC9043133083E700BB0A26 /* CocosDenshion.m */ = {isa = PBXFileReference; fileEncoding = 4; lastKnownFileType = sourcecode.c.objc; path = CocosDenshion.m; sourceTree = "<group>"; };
		14AC9044133083E700BB0A26 /* SimpleAudioEngine.mm */ = {isa = PBXFileReference; fileEncoding = 4; lastKnownFileType = sourcecode.cpp.objcpp; path = SimpleAudioEngine.mm; sourceTree = "<group>"; };
		14AC9045133083E700BB0A26 /* SimpleAudioEngine_objc.h */ = {isa = PBXFileReference; fileEncoding = 4; lastKnownFileType = sourcecode.c.h; path = SimpleAudioEngine_objc.h; sourceTree = "<group>"; };
		14AC9046133083E700BB0A26 /* SimpleAudioEngine_objc.m */ = {isa = PBXFileReference; fileEncoding = 4; lastKnownFileType = sourcecode.c.objc; path = SimpleAudioEngine_objc.m; sourceTree = "<group>"; };
		14ADA21C132E4F9800D3571D /* AudioToolbox.framework */ = {isa = PBXFileReference; lastKnownFileType = wrapper.framework; name = AudioToolbox.framework; path = System/Library/Frameworks/AudioToolbox.framework; sourceTree = SDKROOT; };
		14B127BD13104A720015D418 /* ftgles.xcodeproj */ = {isa = PBXFileReference; lastKnownFileType = "wrapper.pb-project"; name = ftgles.xcodeproj; path = Libraries/ftgles/Xcode/ftgles/ftgles.xcodeproj; sourceTree = "<group>"; };
		14D1A7F312EDD8180070D86F /* hitter_1.lua */ = {isa = PBXFileReference; fileEncoding = 4; lastKnownFileType = text; path = hitter_1.lua; sourceTree = "<group>"; };
		14D1A7F412EDD8180070D86F /* joypad_1.lua */ = {isa = PBXFileReference; fileEncoding = 4; lastKnownFileType = text; path = joypad_1.lua; sourceTree = "<group>"; };
		14D1A85012EDE0570070D86F /* button_attack.lua */ = {isa = PBXFileReference; fileEncoding = 4; lastKnownFileType = text; path = button_attack.lua; sourceTree = "<group>"; };
		14D2BA12132ABC0C00840B7C /* SharedTextureManager.h */ = {isa = PBXFileReference; fileEncoding = 4; lastKnownFileType = sourcecode.c.h; path = SharedTextureManager.h; sourceTree = "<group>"; };
		14DC3FC512FDDE71004CC360 /* config_functions.lua */ = {isa = PBXFileReference; fileEncoding = 4; lastKnownFileType = text; path = config_functions.lua; sourceTree = "<group>"; };
		14DC3FD212FDDE8E004CC360 /* config.lua */ = {isa = PBXFileReference; fileEncoding = 4; lastKnownFileType = text; path = config.lua; sourceTree = "<group>"; };
		14DEBD921310777C0094F680 /* box2d.xcodeproj */ = {isa = PBXFileReference; lastKnownFileType = "wrapper.pb-project"; name = box2d.xcodeproj; path = Libraries/box2d/box2d.xcodeproj; sourceTree = "<group>"; };
		14DEBF531310835C0094F680 /* BehaviourActions.h */ = {isa = PBXFileReference; fileEncoding = 4; lastKnownFileType = sourcecode.c.h; path = BehaviourActions.h; sourceTree = "<group>"; };
		14DEBF541310835C0094F680 /* BehaviourStates.h */ = {isa = PBXFileReference; fileEncoding = 4; lastKnownFileType = sourcecode.c.h; path = BehaviourStates.h; sourceTree = "<group>"; };
		14DEBF551310835C0094F680 /* CompBehaviour.h */ = {isa = PBXFileReference; fileEncoding = 4; lastKnownFileType = sourcecode.c.h; path = CompBehaviour.h; sourceTree = "<group>"; };
		14DEBF561310835C0094F680 /* CompBehaviour.mm */ = {isa = PBXFileReference; fileEncoding = 4; lastKnownFileType = sourcecode.cpp.objcpp; path = CompBehaviour.mm; sourceTree = "<group>"; };
		14DEBF571310835C0094F680 /* gecFSM.h */ = {isa = PBXFileReference; fileEncoding = 4; lastKnownFileType = sourcecode.c.h; path = gecFSM.h; sourceTree = "<group>"; };
		14DEBF581310835C0094F680 /* gecFSM.mm */ = {isa = PBXFileReference; fileEncoding = 4; lastKnownFileType = sourcecode.cpp.objcpp; path = gecFSM.mm; sourceTree = "<group>"; };
		14DEBF5A1310835C0094F680 /* CompCollisionable.h */ = {isa = PBXFileReference; fileEncoding = 4; lastKnownFileType = sourcecode.c.h; path = CompCollisionable.h; sourceTree = "<group>"; };
		14DEBF5B1310835C0094F680 /* CompCollisionable.mm */ = {isa = PBXFileReference; fileEncoding = 4; lastKnownFileType = sourcecode.cpp.objcpp; path = CompCollisionable.mm; sourceTree = "<group>"; };
		14DEBF5C1310835C0094F680 /* gecBoxCollisionable.h */ = {isa = PBXFileReference; fileEncoding = 4; lastKnownFileType = sourcecode.c.h; path = gecBoxCollisionable.h; sourceTree = "<group>"; };
		14DEBF5D1310835C0094F680 /* gecBoxCollisionable.mm */ = {isa = PBXFileReference; fileEncoding = 4; lastKnownFileType = sourcecode.cpp.objcpp; path = gecBoxCollisionable.mm; sourceTree = "<group>"; };
		14DEBF611310835C0094F680 /* CompTouchable.h */ = {isa = PBXFileReference; fileEncoding = 4; lastKnownFileType = sourcecode.c.h; path = CompTouchable.h; sourceTree = "<group>"; };
		14DEBF621310835C0094F680 /* CompTouchable.mm */ = {isa = PBXFileReference; fileEncoding = 4; lastKnownFileType = sourcecode.cpp.objcpp; path = CompTouchable.mm; sourceTree = "<group>"; };
		14DEBF631310835C0094F680 /* gecButton.h */ = {isa = PBXFileReference; fileEncoding = 4; lastKnownFileType = sourcecode.c.h; path = gecButton.h; sourceTree = "<group>"; };
		14DEBF641310835C0094F680 /* gecButton.mm */ = {isa = PBXFileReference; fileEncoding = 4; lastKnownFileType = sourcecode.cpp.objcpp; path = gecButton.mm; sourceTree = "<group>"; };
		14DEBF651310835C0094F680 /* gecJoystick.h */ = {isa = PBXFileReference; fileEncoding = 4; lastKnownFileType = sourcecode.c.h; path = gecJoystick.h; sourceTree = "<group>"; };
		14DEBF661310835C0094F680 /* gecJoystick.mm */ = {isa = PBXFileReference; fileEncoding = 4; lastKnownFileType = sourcecode.cpp.objcpp; path = gecJoystick.mm; sourceTree = "<group>"; };
		14DEBF671310835C0094F680 /* TouchableManager.h */ = {isa = PBXFileReference; fileEncoding = 4; lastKnownFileType = sourcecode.c.h; path = TouchableManager.h; sourceTree = "<group>"; };
		14DEBF681310835C0094F680 /* TouchableManager.mm */ = {isa = PBXFileReference; fileEncoding = 4; lastKnownFileType = sourcecode.cpp.objcpp; path = TouchableManager.mm; sourceTree = "<group>"; };
		14DEBF6A1310835C0094F680 /* CompHealth.cpp */ = {isa = PBXFileReference; fileEncoding = 4; lastKnownFileType = sourcecode.cpp.cpp; path = CompHealth.cpp; sourceTree = "<group>"; };
		14DEBF6B1310835C0094F680 /* CompHealth.h */ = {isa = PBXFileReference; fileEncoding = 4; lastKnownFileType = sourcecode.c.h; path = CompHealth.h; sourceTree = "<group>"; };
		14DEBF6C1310835C0094F680 /* gecHealthHuman.cpp */ = {isa = PBXFileReference; fileEncoding = 4; lastKnownFileType = sourcecode.cpp.cpp; path = gecHealthHuman.cpp; sourceTree = "<group>"; };
		14DEBF6D1310835C0094F680 /* gecHealthHuman.h */ = {isa = PBXFileReference; fileEncoding = 4; lastKnownFileType = sourcecode.c.h; path = gecHealthHuman.h; sourceTree = "<group>"; };
		14DEBF731310835C0094F680 /* CompLevelLoader.h */ = {isa = PBXFileReference; fileEncoding = 4; lastKnownFileType = sourcecode.c.h; path = CompLevelLoader.h; sourceTree = "<group>"; };
		14DEBF741310835C0094F680 /* CompLevelLoader.mm */ = {isa = PBXFileReference; fileEncoding = 4; lastKnownFileType = sourcecode.cpp.objcpp; path = CompLevelLoader.mm; sourceTree = "<group>"; };
		14DEBF761310835C0094F680 /* CompSpawn.h */ = {isa = PBXFileReference; fileEncoding = 4; lastKnownFileType = sourcecode.c.h; path = CompSpawn.h; sourceTree = "<group>"; };
		14DEBF771310835C0094F680 /* CompSpawn.mm */ = {isa = PBXFileReference; fileEncoding = 4; lastKnownFileType = sourcecode.cpp.objcpp; path = CompSpawn.mm; sourceTree = "<group>"; };
		14DEBF7A1310835C0094F680 /* gecAnimatedSprite.h */ = {isa = PBXFileReference; fileEncoding = 4; lastKnownFileType = sourcecode.c.h; path = gecAnimatedSprite.h; sourceTree = "<group>"; };
		14DEBF7B1310835C0094F680 /* gecAnimatedSprite.mm */ = {isa = PBXFileReference; fileEncoding = 4; lastKnownFileType = sourcecode.cpp.objcpp; path = gecAnimatedSprite.mm; sourceTree = "<group>"; };
		14DEBF7C1310835C0094F680 /* gecImage.h */ = {isa = PBXFileReference; fileEncoding = 4; lastKnownFileType = sourcecode.c.h; path = gecImage.h; sourceTree = "<group>"; };
		14DEBF821310835C0094F680 /* gecVisualContainer.h */ = {isa = PBXFileReference; fileEncoding = 4; lastKnownFileType = sourcecode.c.h; path = gecVisualContainer.h; sourceTree = "<group>"; };
		14DEBF831310835C0094F680 /* gecVisualContainer.mm */ = {isa = PBXFileReference; fileEncoding = 4; lastKnownFileType = sourcecode.cpp.objcpp; path = gecVisualContainer.mm; sourceTree = "<group>"; };
		14DEBF841310835C0094F680 /* gecVisual.mm */ = {isa = PBXFileReference; fileEncoding = 4; lastKnownFileType = sourcecode.cpp.objcpp; path = gecVisual.mm; sourceTree = "<group>"; };
		14DEBF851310835C0094F680 /* gecVisual.h */ = {isa = PBXFileReference; fileEncoding = 4; lastKnownFileType = sourcecode.c.h; path = gecVisual.h; sourceTree = "<group>"; };
		14DEBF871310835C0094F680 /* CompWeapon.h */ = {isa = PBXFileReference; fileEncoding = 4; lastKnownFileType = sourcecode.c.h; path = CompWeapon.h; sourceTree = "<group>"; };
		14DEBF881310835C0094F680 /* CompWeapon.mm */ = {isa = PBXFileReference; fileEncoding = 4; lastKnownFileType = sourcecode.cpp.objcpp; path = CompWeapon.mm; sourceTree = "<group>"; };
		14DEBF891310835C0094F680 /* gecWeapon.h */ = {isa = PBXFileReference; fileEncoding = 4; lastKnownFileType = sourcecode.c.h; path = gecWeapon.h; sourceTree = "<group>"; };
		14DEBF8A1310835C0094F680 /* gecWeapon.mm */ = {isa = PBXFileReference; fileEncoding = 4; lastKnownFileType = sourcecode.cpp.objcpp; path = gecWeapon.mm; sourceTree = "<group>"; };
		14DEBF8B1310835C0094F680 /* GEComponent.h */ = {isa = PBXFileReference; fileEncoding = 4; lastKnownFileType = sourcecode.c.h; path = GEComponent.h; sourceTree = "<group>"; };
		14DEBF8C1310835C0094F680 /* GEComponent.mm */ = {isa = PBXFileReference; fileEncoding = 4; lastKnownFileType = sourcecode.cpp.objcpp; path = GEComponent.mm; sourceTree = "<group>"; };
		14DEBF8E1310835C0094F680 /* GameEntity.h */ = {isa = PBXFileReference; fileEncoding = 4; lastKnownFileType = sourcecode.c.h; path = GameEntity.h; sourceTree = "<group>"; };
		14DEBF8F1310835C0094F680 /* GameEntity.mm */ = {isa = PBXFileReference; fileEncoding = 4; lastKnownFileType = sourcecode.cpp.objcpp; path = GameEntity.mm; sourceTree = "<group>"; };
		14DEBF901310835C0094F680 /* id_generator.h */ = {isa = PBXFileReference; fileEncoding = 4; lastKnownFileType = sourcecode.c.h; path = id_generator.h; sourceTree = "<group>"; };
		14DEBF911310835C0094F680 /* id_generator.mm */ = {isa = PBXFileReference; fileEncoding = 4; lastKnownFileType = sourcecode.cpp.objcpp; path = id_generator.mm; sourceTree = "<group>"; };
		14DEBF931310835C0094F680 /* EventBroadcaster.h */ = {isa = PBXFileReference; fileEncoding = 4; lastKnownFileType = sourcecode.c.h; path = EventBroadcaster.h; sourceTree = "<group>"; };
		14DEBFE51310835C0094F680 /* GandoBox2DDebug.h */ = {isa = PBXFileReference; fileEncoding = 4; lastKnownFileType = sourcecode.c.h; path = GandoBox2DDebug.h; sourceTree = "<group>"; };
		14DEBFE61310835C0094F680 /* GLES-Render.cpp */ = {isa = PBXFileReference; fileEncoding = 4; lastKnownFileType = sourcecode.cpp.cpp; path = "GLES-Render.cpp"; sourceTree = "<group>"; };
		14DEBFE71310835C0094F680 /* GLES-Render.h */ = {isa = PBXFileReference; fileEncoding = 4; lastKnownFileType = sourcecode.c.h; path = "GLES-Render.h"; sourceTree = "<group>"; };
		14DEBFE81310835C0094F680 /* GandoBox2D.h */ = {isa = PBXFileReference; fileEncoding = 4; lastKnownFileType = sourcecode.c.h; path = GandoBox2D.h; sourceTree = "<group>"; };
		14DEBFE91310835C0094F680 /* GandoBox2D.mm */ = {isa = PBXFileReference; fileEncoding = 4; lastKnownFileType = sourcecode.cpp.objcpp; path = GandoBox2D.mm; sourceTree = "<group>"; };
		14DEBFEA1310835C0094F680 /* GContactListener.h */ = {isa = PBXFileReference; fileEncoding = 4; lastKnownFileType = sourcecode.c.h; path = GContactListener.h; sourceTree = "<group>"; };
		14DEBFEB1310835C0094F680 /* GContactListener.mm */ = {isa = PBXFileReference; fileEncoding = 4; lastKnownFileType = sourcecode.cpp.objcpp; path = GContactListener.mm; sourceTree = "<group>"; };
		14DEBFEE1310835C0094F680 /* LuaInit.h */ = {isa = PBXFileReference; fileEncoding = 4; lastKnownFileType = sourcecode.c.h; path = LuaInit.h; sourceTree = "<group>"; };
		14DEBFEF1310835C0094F680 /* LuaManager.h */ = {isa = PBXFileReference; fileEncoding = 4; lastKnownFileType = sourcecode.c.h; path = LuaManager.h; sourceTree = "<group>"; };
		14DEBFF01310835C0094F680 /* LuaManager.mm */ = {isa = PBXFileReference; fileEncoding = 4; lastKnownFileType = sourcecode.cpp.objcpp; path = LuaManager.mm; sourceTree = "<group>"; };
		14DEBFF31310835C0094F680 /* ITextRenderer.h */ = {isa = PBXFileReference; fileEncoding = 4; lastKnownFileType = sourcecode.c.h; path = ITextRenderer.h; sourceTree = "<group>"; };
		14DEBFF41310835C0094F680 /* ggEngine.h */ = {isa = PBXFileReference; fileEncoding = 4; lastKnownFileType = sourcecode.c.h; path = ggEngine.h; sourceTree = "<group>"; };
		14DEBFF61310835C0094F680 /* ccConfig.h */ = {isa = PBXFileReference; fileEncoding = 4; lastKnownFileType = sourcecode.c.h; path = ccConfig.h; sourceTree = "<group>"; };
		14DEBFF71310835C0094F680 /* ConstantsAndMacros.h */ = {isa = PBXFileReference; fileEncoding = 4; lastKnownFileType = sourcecode.c.h; name = ConstantsAndMacros.h; path = ../OpenGL/ConstantsAndMacros.h; sourceTree = "<group>"; };
		14DEBFF81310835C0094F680 /* OpenGLCommon.h */ = {isa = PBXFileReference; fileEncoding = 4; lastKnownFileType = sourcecode.c.h; path = OpenGLCommon.h; sourceTree = "<group>"; };
		14DEBFFA1310835C0094F680 /* PVRTexture.h */ = {isa = PBXFileReference; fileEncoding = 4; lastKnownFileType = sourcecode.c.h; path = PVRTexture.h; sourceTree = "<group>"; };
		14DEBFFB1310835C0094F680 /* PVRTexture.m */ = {isa = PBXFileReference; fileEncoding = 4; lastKnownFileType = sourcecode.c.objc; path = PVRTexture.m; sourceTree = "<group>"; };
		14DEBFFC1310835C0094F680 /* Texture2D.h */ = {isa = PBXFileReference; fileEncoding = 4; lastKnownFileType = sourcecode.c.h; path = Texture2D.h; sourceTree = "<group>"; };
		14DEBFFD1310835C0094F680 /* Texture2D.m */ = {isa = PBXFileReference; fileEncoding = 4; lastKnownFileType = sourcecode.c.objc; path = Texture2D.m; sourceTree = "<group>"; };
		14DEC00C1310835C0094F680 /* EAGLView.h */ = {isa = PBXFileReference; fileEncoding = 4; lastKnownFileType = sourcecode.c.h; path = EAGLView.h; sourceTree = "<group>"; };
		14DEC00D1310835C0094F680 /* EAGLView.mm */ = {isa = PBXFileReference; fileEncoding = 4; lastKnownFileType = sourcecode.cpp.objcpp; path = EAGLView.mm; sourceTree = "<group>"; };
		14DEC00E1310835C0094F680 /* ES1Renderer.h */ = {isa = PBXFileReference; fileEncoding = 4; lastKnownFileType = sourcecode.c.h; path = ES1Renderer.h; sourceTree = "<group>"; };
		14DEC00F1310835C0094F680 /* ES1Renderer.mm */ = {isa = PBXFileReference; fileEncoding = 4; lastKnownFileType = sourcecode.cpp.objcpp; path = ES1Renderer.mm; sourceTree = "<group>"; };
		14DEC0101310835C0094F680 /* ES2Renderer.h */ = {isa = PBXFileReference; fileEncoding = 4; lastKnownFileType = sourcecode.c.h; path = ES2Renderer.h; sourceTree = "<group>"; };
		14DEC0111310835C0094F680 /* ES2Renderer.mm */ = {isa = PBXFileReference; fileEncoding = 4; lastKnownFileType = sourcecode.cpp.objcpp; path = ES2Renderer.mm; sourceTree = "<group>"; };
		14DEC0121310835C0094F680 /* ESRenderer.h */ = {isa = PBXFileReference; fileEncoding = 4; lastKnownFileType = sourcecode.c.h; path = ESRenderer.h; sourceTree = "<group>"; };
		14DEC0141310835C0094F680 /* Scene.h */ = {isa = PBXFileReference; fileEncoding = 4; lastKnownFileType = sourcecode.c.h; path = Scene.h; sourceTree = "<group>"; };
		14DEC0151310835C0094F680 /* Scene.mm */ = {isa = PBXFileReference; fileEncoding = 4; lastKnownFileType = sourcecode.cpp.objcpp; path = Scene.mm; sourceTree = "<group>"; };
		14DEC0171310835C0094F680 /* GETemplateManager.h */ = {isa = PBXFileReference; fileEncoding = 4; lastKnownFileType = sourcecode.c.h; path = GETemplateManager.h; sourceTree = "<group>"; };
		14DEC0181310835C0094F680 /* GETemplateManager.mm */ = {isa = PBXFileReference; fileEncoding = 4; lastKnownFileType = sourcecode.cpp.objcpp; path = GETemplateManager.mm; sourceTree = "<group>"; };
		14DEC0191310835C0094F680 /* SceneManager.h */ = {isa = PBXFileReference; fileEncoding = 4; lastKnownFileType = sourcecode.c.h; path = SceneManager.h; sourceTree = "<group>"; };
		14DEC01A1310835C0094F680 /* SceneManager.mm */ = {isa = PBXFileReference; fileEncoding = 4; lastKnownFileType = sourcecode.cpp.objcpp; path = SceneManager.mm; sourceTree = "<group>"; };
		14DEC01B1310835C0094F680 /* SharedBehaviorManager.h */ = {isa = PBXFileReference; fileEncoding = 4; lastKnownFileType = sourcecode.c.h; path = SharedBehaviorManager.h; sourceTree = "<group>"; };
		14DEC0201310835C0094F680 /* SharedTextureManager.mm */ = {isa = PBXFileReference; fileEncoding = 4; lastKnownFileType = sourcecode.cpp.objcpp; path = SharedTextureManager.mm; sourceTree = "<group>"; };
		14DEC0221310835C0094F680 /* Animation.h */ = {isa = PBXFileReference; fileEncoding = 4; lastKnownFileType = sourcecode.c.h; path = Animation.h; sourceTree = "<group>"; };
		14DEC0231310835C0094F680 /* Animation.mm */ = {isa = PBXFileReference; fileEncoding = 4; lastKnownFileType = sourcecode.cpp.objcpp; path = Animation.mm; sourceTree = "<group>"; };
		14DEC0241310835C0094F680 /* Frame.h */ = {isa = PBXFileReference; fileEncoding = 4; lastKnownFileType = sourcecode.c.h; path = Frame.h; sourceTree = "<group>"; };
		14DEC0251310835C0094F680 /* Frame.mm */ = {isa = PBXFileReference; fileEncoding = 4; lastKnownFileType = sourcecode.cpp.objcpp; path = Frame.mm; sourceTree = "<group>"; };
		14DEC0261310835C0094F680 /* Image.h */ = {isa = PBXFileReference; fileEncoding = 4; lastKnownFileType = sourcecode.c.h; path = Image.h; sourceTree = "<group>"; };
		14DEC0271310835C0094F680 /* Image.mm */ = {isa = PBXFileReference; fileEncoding = 4; lastKnownFileType = sourcecode.cpp.objcpp; path = Image.mm; sourceTree = "<group>"; };
		14DEC0281310835C0094F680 /* SpriteSheet.h */ = {isa = PBXFileReference; fileEncoding = 4; lastKnownFileType = sourcecode.c.h; path = SpriteSheet.h; sourceTree = "<group>"; };
		14DEC0291310835C0094F680 /* SpriteSheet.mm */ = {isa = PBXFileReference; fileEncoding = 4; lastKnownFileType = sourcecode.cpp.objcpp; path = SpriteSheet.mm; sourceTree = "<group>"; };
		14DEC02B1310835C0094F680 /* FileUtils.h */ = {isa = PBXFileReference; fileEncoding = 4; lastKnownFileType = sourcecode.c.h; path = FileUtils.h; sourceTree = "<group>"; };
		14DEC02C1310835C0094F680 /* FileUtils.mm */ = {isa = PBXFileReference; fileEncoding = 4; lastKnownFileType = sourcecode.cpp.objcpp; path = FileUtils.mm; sourceTree = "<group>"; };
		14DEC02D1310835C0094F680 /* HardwareClock.cpp */ = {isa = PBXFileReference; fileEncoding = 4; lastKnownFileType = sourcecode.cpp.cpp; path = HardwareClock.cpp; sourceTree = "<group>"; };
		14DEC02E1310835C0094F680 /* HardwareClock.h */ = {isa = PBXFileReference; fileEncoding = 4; lastKnownFileType = sourcecode.c.h; path = HardwareClock.h; sourceTree = "<group>"; };
		14DEC02F1310835C0094F680 /* VectorList.h */ = {isa = PBXFileReference; fileEncoding = 4; lastKnownFileType = sourcecode.c.h; path = VectorList.h; sourceTree = "<group>"; };
		14E1A25C1332833A007C847F /* hitbutton.png */ = {isa = PBXFileReference; lastKnownFileType = image.png; path = hitbutton.png; sourceTree = "<group>"; };
		14E31415121E47E200917795 /* main.mm */ = {isa = PBXFileReference; fileEncoding = 4; lastKnownFileType = sourcecode.cpp.objcpp; path = main.mm; sourceTree = "<group>"; };
		14E31416121E47E200917795 /* Particles_2AppDelegate.h */ = {isa = PBXFileReference; fileEncoding = 4; lastKnownFileType = sourcecode.c.h; path = Particles_2AppDelegate.h; sourceTree = "<group>"; };
		14E31417121E47E200917795 /* Particles_2AppDelegate.mm */ = {isa = PBXFileReference; fileEncoding = 4; lastKnownFileType = sourcecode.cpp.objcpp; path = Particles_2AppDelegate.mm; sourceTree = "<group>"; };
		14E31467121E47FE00917795 /* GandoEngine_Prefix.pch */ = {isa = PBXFileReference; fileEncoding = 4; lastKnownFileType = sourcecode.c.h; path = GandoEngine_Prefix.pch; sourceTree = "<group>"; };
		14E31468121E47FE00917795 /* Info.plist */ = {isa = PBXFileReference; fileEncoding = 4; lastKnownFileType = text.plist.xml; path = Info.plist; sourceTree = "<group>"; };
		14E31469121E47FE00917795 /* MainWindow.xib */ = {isa = PBXFileReference; lastKnownFileType = file.xib; path = MainWindow.xib; sourceTree = "<group>"; };
		14E31470121E47FE00917795 /* button_attack.png */ = {isa = PBXFileReference; lastKnownFileType = image.png; path = button_attack.png; sourceTree = "<group>"; };
		14E31472121E47FE00917795 /* gando_box.png */ = {isa = PBXFileReference; lastKnownFileType = image.png; path = gando_box.png; sourceTree = "<group>"; };
		14E31474121E47FE00917795 /* hitter1_1.png */ = {isa = PBXFileReference; lastKnownFileType = image.png; path = hitter1_1.png; sourceTree = "<group>"; };
		14E31475121E47FE00917795 /* Icon.png */ = {isa = PBXFileReference; lastKnownFileType = image.png; path = Icon.png; sourceTree = "<group>"; };
		14E31476121E47FE00917795 /* joypad_move.png */ = {isa = PBXFileReference; lastKnownFileType = image.png; path = joypad_move.png; sourceTree = "<group>"; };
		14E31477121E47FE00917795 /* joystick-moving-path.png */ = {isa = PBXFileReference; lastKnownFileType = image.png; path = "joystick-moving-path.png"; sourceTree = "<group>"; };
		14E31479121E47FE00917795 /* Particle2.pvr */ = {isa = PBXFileReference; lastKnownFileType = file; path = Particle2.pvr; sourceTree = "<group>"; };
		14E3147A121E47FE00917795 /* Particles3.pvr */ = {isa = PBXFileReference; lastKnownFileType = file; path = Particles3.pvr; sourceTree = "<group>"; };
		14E3147B121E47FE00917795 /* pixel.png */ = {isa = PBXFileReference; lastKnownFileType = image.png; path = pixel.png; sourceTree = "<group>"; };
		14E3147E121E47FE00917795 /* scenario_3.png */ = {isa = PBXFileReference; lastKnownFileType = image.png; path = scenario_3.png; sourceTree = "<group>"; };
		14E31480121E47FE00917795 /* smoke.png */ = {isa = PBXFileReference; lastKnownFileType = image.png; path = smoke.png; sourceTree = "<group>"; };
		14E31481121E47FE00917795 /* smoke.pvr */ = {isa = PBXFileReference; lastKnownFileType = file; path = smoke.pvr; sourceTree = "<group>"; };
		14E31482121E47FE00917795 /* sprite_test.png */ = {isa = PBXFileReference; lastKnownFileType = image.png; path = sprite_test.png; sourceTree = "<group>"; };
		14E31485121E47FE00917795 /* Shader.fsh */ = {isa = PBXFileReference; fileEncoding = 4; lastKnownFileType = sourcecode.glsl; path = Shader.fsh; sourceTree = "<group>"; };
		14E31486121E47FE00917795 /* Shader.vsh */ = {isa = PBXFileReference; fileEncoding = 4; lastKnownFileType = sourcecode.glsl; path = Shader.vsh; sourceTree = "<group>"; };
		14E314CF121E49B900917795 /* CoreGraphics.framework */ = {isa = PBXFileReference; lastKnownFileType = wrapper.framework; name = CoreGraphics.framework; path = System/Library/Frameworks/CoreGraphics.framework; sourceTree = SDKROOT; };
		14F64F2A13101678006DBA13 /* Lua.xcodeproj */ = {isa = PBXFileReference; lastKnownFileType = "wrapper.pb-project"; name = Lua.xcodeproj; path = Libraries/Lua/Lua.xcodeproj; sourceTree = "<group>"; };
		14FB89E3121E4AC400E1B242 /* QuartzCore.framework */ = {isa = PBXFileReference; lastKnownFileType = wrapper.framework; name = QuartzCore.framework; path = System/Library/Frameworks/QuartzCore.framework; sourceTree = SDKROOT; };
		14FB89E7121E4ACC00E1B242 /* OpenGLES.framework */ = {isa = PBXFileReference; lastKnownFileType = wrapper.framework; name = OpenGLES.framework; path = System/Library/Frameworks/OpenGLES.framework; sourceTree = SDKROOT; };
		14FB89EB121E4AD400E1B242 /* UIKit.framework */ = {isa = PBXFileReference; lastKnownFileType = wrapper.framework; name = UIKit.framework; path = System/Library/Frameworks/UIKit.framework; sourceTree = SDKROOT; };
		14FB89EF121E4ADB00E1B242 /* Foundation.framework */ = {isa = PBXFileReference; lastKnownFileType = wrapper.framework; name = Foundation.framework; path = System/Library/Frameworks/Foundation.framework; sourceTree = SDKROOT; };
		1D6058910D05DD3D006BFB54 /* GandoEngine.app */ = {isa = PBXFileReference; explicitFileType = wrapper.application; includeInIndex = 0; path = GandoEngine.app; sourceTree = BUILT_PRODUCTS_DIR; };
/* End PBXFileReference section */

/* Begin PBXFrameworksBuildPhase section */
		1D60588F0D05DD3D006BFB54 /* Frameworks */ = {
			isa = PBXFrameworksBuildPhase;
			buildActionMask = 2147483647;
			files = (
				14DEBDC7131077B90094F680 /* libbox2d.a in Frameworks */,
				145A10191311E5E00029FE31 /* libFTGLES.a in Frameworks */,
				14F64F3013101681006DBA13 /* libLua.a in Frameworks */,
				14F64F2513101665006DBA13 /* libluabind.a in Frameworks */,
				14ADA21D132E4F9800D3571D /* AudioToolbox.framework in Frameworks */,
				14AC7E14132E4DAB00D5ACA7 /* AVFoundation.framework in Frameworks */,
				14AC7E12132E4DA300D5ACA7 /* OpenAL.framework in Frameworks */,
				14E314D0121E49B900917795 /* CoreGraphics.framework in Frameworks */,
				14FB89E4121E4AC400E1B242 /* QuartzCore.framework in Frameworks */,
				14FB89E8121E4ACC00E1B242 /* OpenGLES.framework in Frameworks */,
				14FB89EC121E4AD400E1B242 /* UIKit.framework in Frameworks */,
				14FB89F0121E4ADB00E1B242 /* Foundation.framework in Frameworks */,
			);
			runOnlyForDeploymentPostprocessing = 0;
		};
/* End PBXFrameworksBuildPhase section */

/* Begin PBXGroup section */
		1429A902132A620900314A28 /* world1 */ = {
			isa = PBXGroup;
			children = (
				1429A903132A620900314A28 /* game_entities_1.lua */,
				1429A904132A620900314A28 /* gui.lua */,
				1429A905132A620900314A28 /* world1.lua */,
			);
			path = world1;
			sourceTree = "<group>";
		};
		142DA6BE132A742A00BD2A38 /* particle_test_scene */ = {
			isa = PBXGroup;
			children = (
				142DA6BF132A742A00BD2A38 /* particle_test_scene.lua */,
			);
			path = particle_test_scene;
			sourceTree = "<group>";
		};
		1430C81C131F050700AFA083 /* Interfaces */ = {
			isa = PBXGroup;
			children = (
				1430C81B131F050000AFA083 /* IFont.h */,
				14DEBFF31310835C0094F680 /* ITextRenderer.h */,
			);
			name = Interfaces;
			sourceTree = "<group>";
		};
		1430C8D9131F4EF100AFA083 /* Implementations */ = {
			isa = PBXGroup;
			children = (
				148B1FBB1310AA9E00B1CE94 /* ftglesTextureFont.h */,
				148B1FBC1310AA9E00B1CE94 /* ftglesTextureFont.mm */,
				1430C7FA131F02F500AFA083 /* TextureTextRenderer.h */,
				1430C7FB131F02F500AFA083 /* TextureTextRenderer.mm */,
			);
			name = Implementations;
			sourceTree = "<group>";
		};
		1433F5CF128ADC1D00878671 /* images */ = {
			isa = PBXGroup;
			children = (
				148AB5C61337F22800FAB7CA /* character_ss_alpha.png */,
				14E1A25C1332833A007C847F /* hitbutton.png */,
				14E31470121E47FE00917795 /* button_attack.png */,
				14E31472121E47FE00917795 /* gando_box.png */,
				14E31474121E47FE00917795 /* hitter1_1.png */,
				14E31475121E47FE00917795 /* Icon.png */,
				14E31476121E47FE00917795 /* joypad_move.png */,
				14E31477121E47FE00917795 /* joystick-moving-path.png */,
				14E31479121E47FE00917795 /* Particle2.pvr */,
				14E3147A121E47FE00917795 /* Particles3.pvr */,
				14E3147B121E47FE00917795 /* pixel.png */,
				14E3147E121E47FE00917795 /* scenario_3.png */,
				14E31480121E47FE00917795 /* smoke.png */,
				14E31481121E47FE00917795 /* smoke.pvr */,
				14E31482121E47FE00917795 /* sprite_test.png */,
			);
			name = images;
			sourceTree = "<group>";
		};
		144BAA0F13100C5A005AD895 /* Libraries */ = {
			isa = PBXGroup;
			children = (
				14AC9038133083E700BB0A26 /* CocosDenshion */,
				14DEBD921310777C0094F680 /* box2d.xcodeproj */,
				14B127BD13104A720015D418 /* ftgles.xcodeproj */,
				14F64F2A13101678006DBA13 /* Lua.xcodeproj */,
				144BAA1913100C77005AD895 /* luabind.xcodeproj */,
			);
			name = Libraries;
			sourceTree = "<group>";
		};
		144BAA1A13100C77005AD895 /* Products */ = {
			isa = PBXGroup;
			children = (
				144BAA2113100C77005AD895 /* libluabind.a */,
			);
			name = Products;
			sourceTree = "<group>";
		};
		148AB5C313364E7E00FAB7CA /* Audio */ = {
			isa = PBXGroup;
			children = (
				148AB5C413364E8D00FAB7CA /* sonic_theme.mp3 */,
			);
			path = Audio;
			sourceTree = "<group>";
		};
		148B1F711310A2DC00B1CE94 /* Camera */ = {
			isa = PBXGroup;
			children = (
				148B1F721310A2DC00B1CE94 /* gecFollowingCamera.h */,
				148B1F731310A2DC00B1CE94 /* gecFollowingCamera.mm */,
				148B1F741310A2DC00B1CE94 /* ICompCamera.h */,
				148B1F751310A2DC00B1CE94 /* ICompCamera.mm */,
			);
			path = Camera;
			sourceTree = "<group>";
		};
		148B20CE1310C9C300B1CE94 /* Fonts */ = {
			isa = PBXGroup;
			children = (
				148B20CF1310C9CA00B1CE94 /* TOONISH.ttf */,
				1430CA7613201A3600AFA083 /* Diavlo_BLACK_II_37.otf */,
			);
			path = Fonts;
			sourceTree = "<group>";
		};
		149EBCFF132DC23800CCC900 /* particles */ = {
			isa = PBXGroup;
			children = (
				149EBD06132DC99D00CCC900 /* particle_emmiter_bomb.lua */,
				149EBD04132DC37500CCC900 /* particle_emmiter_spray.lua */,
				149EBD00132DC23800CCC900 /* particle_emmiter.lua */,
			);
			path = particles;
			sourceTree = "<group>";
		};
		14A2170312E7884700A4D8EC /* Scripts */ = {
			isa = PBXGroup;
			children = (
				14A2170412E7884700A4D8EC /* base */,
				14A2170D12E7884700A4D8EC /* components */,
				14DC3FD112FDDE8E004CC360 /* configuration */,
				14A2171012E7884700A4D8EC /* entities */,
				14A2171412E7884700A4D8EC /* events */,
				14A2171812E7884700A4D8EC /* scenes */,
				14A2171612E7884700A4D8EC /* init.lua */,
				14A2171712E7884700A4D8EC /* main.lua */,
			);
			path = Scripts;
			sourceTree = "<group>";
		};
		14A2170412E7884700A4D8EC /* base */ = {
			isa = PBXGroup;
			children = (
				14DC3FC512FDDE71004CC360 /* config_functions.lua */,
				14A2170512E7884700A4D8EC /* base_functions.lua */,
				14A2170612E7884700A4D8EC /* ComponentBuilder.lua */,
				14A2170712E7884700A4D8EC /* EntityBuilder.lua */,
				14A2170812E7884700A4D8EC /* EntityMap.lua */,
				14A2170912E7884700A4D8EC /* Pickle.lua */,
				14A2170A12E7884700A4D8EC /* PrimitiveBuilder.lua */,
				14A2170B12E7884700A4D8EC /* SceneBuilder.lua */,
				14A2170C12E7884700A4D8EC /* tableprint.lua */,
			);
			path = base;
			sourceTree = "<group>";
		};
		14A2170D12E7884700A4D8EC /* components */ = {
			isa = PBXGroup;
			children = (
				14A2170E12E7884700A4D8EC /* gecFSM_interface.lua */,
			);
			path = components;
			sourceTree = "<group>";
		};
		14A2171012E7884700A4D8EC /* entities */ = {
			isa = PBXGroup;
			children = (
				149EBCFF132DC23800CCC900 /* particles */,
				1453691412F359A100B97FB4 /* weapon_1.lua */,
				143C240F12F9116F009B37EF /* zero.lua */,
				14D1A85012EDE0570070D86F /* button_attack.lua */,
				14D1A7F312EDD8180070D86F /* hitter_1.lua */,
				14D1A7F412EDD8180070D86F /* joypad_1.lua */,
				14A218A112E89AC500A4D8EC /* character.lua */,
			);
			path = entities;
			sourceTree = "<group>";
		};
		14A2171412E7884700A4D8EC /* events */ = {
			isa = PBXGroup;
			children = (
				14A2171512E7884700A4D8EC /* event_manager.lua */,
			);
			path = events;
			sourceTree = "<group>";
		};
		14A2171812E7884700A4D8EC /* scenes */ = {
			isa = PBXGroup;
			children = (
				142DA6BE132A742A00BD2A38 /* particle_test_scene */,
				1429A902132A620900314A28 /* world1 */,
			);
			path = scenes;
			sourceTree = "<group>";
		};
		14AC9038133083E700BB0A26 /* CocosDenshion */ = {
			isa = PBXGroup;
			children = (
				14AC9039133083E700BB0A26 /* include */,
				14AC903C133083E700BB0A26 /* src */,
			);
			name = CocosDenshion;
			path = Libraries/CocosDenshion;
			sourceTree = "<group>";
		};
		14AC9039133083E700BB0A26 /* include */ = {
			isa = PBXGroup;
			children = (
				14AC903A133083E700BB0A26 /* Export.h */,
				14AC903B133083E700BB0A26 /* SimpleAudioEngine.h */,
			);
			path = include;
			sourceTree = "<group>";
		};
		14AC903C133083E700BB0A26 /* src */ = {
			isa = PBXGroup;
			children = (
				14AC903D133083E700BB0A26 /* CDAudioManager.h */,
				14AC903E133083E700BB0A26 /* CDAudioManager.m */,
				14AC903F133083E700BB0A26 /* CDConfig.h */,
				14AC9041133083E700BB0A26 /* CDOpenALSupport.m */,
				14AC9040133083E700BB0A26 /* CDOpenALSupport.h */,
				14AC9042133083E700BB0A26 /* CocosDenshion.h */,
				14AC9043133083E700BB0A26 /* CocosDenshion.m */,
				14AC9044133083E700BB0A26 /* SimpleAudioEngine.mm */,
				14AC9045133083E700BB0A26 /* SimpleAudioEngine_objc.h */,
				14AC9046133083E700BB0A26 /* SimpleAudioEngine_objc.m */,
			);
			path = src;
			sourceTree = "<group>";
		};
		14B127BE13104A720015D418 /* Products */ = {
			isa = PBXGroup;
			children = (
				14B127C913104A730015D418 /* libFTGLES.a */,
			);
			name = Products;
			sourceTree = "<group>";
		};
		14DC3FD112FDDE8E004CC360 /* configuration */ = {
			isa = PBXGroup;
			children = (
				14DC3FD212FDDE8E004CC360 /* config.lua */,
			);
			path = configuration;
			sourceTree = "<group>";
		};
		14DEBD931310777C0094F680 /* Products */ = {
			isa = PBXGroup;
			children = (
				14DEBD9A1310777C0094F680 /* libbox2d.a */,
			);
			name = Products;
			sourceTree = "<group>";
		};
		14DEBF501310835C0094F680 /* Components */ = {
			isa = PBXGroup;
			children = (
				14DEBF511310835C0094F680 /* Families */,
				14DEBF8B1310835C0094F680 /* GEComponent.h */,
				14DEBF8C1310835C0094F680 /* GEComponent.mm */,
			);
			path = Components;
			sourceTree = "<group>";
		};
		14DEBF511310835C0094F680 /* Families */ = {
			isa = PBXGroup;
			children = (
				148B1F711310A2DC00B1CE94 /* Camera */,
				14DEBF521310835C0094F680 /* Behaviour */,
				14DEBF591310835C0094F680 /* Collision */,
				14DEBF601310835C0094F680 /* GUI */,
				14DEBF691310835C0094F680 /* Health */,
				14DEBF721310835C0094F680 /* LevelLoader */,
				14DEBF751310835C0094F680 /* Spawner */,
				14DEBF781310835C0094F680 /* Visual */,
				14DEBF861310835C0094F680 /* Weapon */,
			);
			path = Families;
			sourceTree = "<group>";
		};
		14DEBF521310835C0094F680 /* Behaviour */ = {
			isa = PBXGroup;
			children = (
				14DEBF531310835C0094F680 /* BehaviourActions.h */,
				14DEBF541310835C0094F680 /* BehaviourStates.h */,
				14DEBF551310835C0094F680 /* CompBehaviour.h */,
				14DEBF561310835C0094F680 /* CompBehaviour.mm */,
				14DEBF571310835C0094F680 /* gecFSM.h */,
				14DEBF581310835C0094F680 /* gecFSM.mm */,
			);
			path = Behaviour;
			sourceTree = "<group>";
		};
		14DEBF591310835C0094F680 /* Collision */ = {
			isa = PBXGroup;
			children = (
				14DEBF5A1310835C0094F680 /* CompCollisionable.h */,
				14DEBF5B1310835C0094F680 /* CompCollisionable.mm */,
				14DEBF5C1310835C0094F680 /* gecBoxCollisionable.h */,
				14DEBF5D1310835C0094F680 /* gecBoxCollisionable.mm */,
			);
			path = Collision;
			sourceTree = "<group>";
		};
		14DEBF601310835C0094F680 /* GUI */ = {
			isa = PBXGroup;
			children = (
				14DEBF611310835C0094F680 /* CompTouchable.h */,
				14DEBF621310835C0094F680 /* CompTouchable.mm */,
				14DEBF631310835C0094F680 /* gecButton.h */,
				14DEBF641310835C0094F680 /* gecButton.mm */,
				14DEBF651310835C0094F680 /* gecJoystick.h */,
				14DEBF661310835C0094F680 /* gecJoystick.mm */,
				14DEBF671310835C0094F680 /* TouchableManager.h */,
				14DEBF681310835C0094F680 /* TouchableManager.mm */,
			);
			path = GUI;
			sourceTree = "<group>";
		};
		14DEBF691310835C0094F680 /* Health */ = {
			isa = PBXGroup;
			children = (
				14DEBF6A1310835C0094F680 /* CompHealth.cpp */,
				14DEBF6B1310835C0094F680 /* CompHealth.h */,
				14DEBF6C1310835C0094F680 /* gecHealthHuman.cpp */,
				14DEBF6D1310835C0094F680 /* gecHealthHuman.h */,
			);
			path = Health;
			sourceTree = "<group>";
		};
		14DEBF721310835C0094F680 /* LevelLoader */ = {
			isa = PBXGroup;
			children = (
				14DEBF731310835C0094F680 /* CompLevelLoader.h */,
				14DEBF741310835C0094F680 /* CompLevelLoader.mm */,
			);
			path = LevelLoader;
			sourceTree = "<group>";
		};
		14DEBF751310835C0094F680 /* Spawner */ = {
			isa = PBXGroup;
			children = (
				14DEBF761310835C0094F680 /* CompSpawn.h */,
				14DEBF771310835C0094F680 /* CompSpawn.mm */,
			);
			path = Spawner;
			sourceTree = "<group>";
		};
		14DEBF781310835C0094F680 /* Visual */ = {
			isa = PBXGroup;
			children = (
				14DEBF791310835C0094F680 /* components */,
				14DEBF841310835C0094F680 /* gecVisual.mm */,
				14DEBF851310835C0094F680 /* gecVisual.h */,
			);
			path = Visual;
			sourceTree = "<group>";
		};
		14DEBF791310835C0094F680 /* components */ = {
			isa = PBXGroup;
			children = (
				14DEBF7A1310835C0094F680 /* gecAnimatedSprite.h */,
				14DEBF7B1310835C0094F680 /* gecAnimatedSprite.mm */,
				14DEBF7C1310835C0094F680 /* gecImage.h */,
				1447AA121328897C000DCCD8 /* gecParticleSystem.h */,
				1447AA131328897C000DCCD8 /* gecParticleSystem.mm */,
				14DEBF821310835C0094F680 /* gecVisualContainer.h */,
				14DEBF831310835C0094F680 /* gecVisualContainer.mm */,
			);
			path = components;
			sourceTree = "<group>";
		};
		14DEBF861310835C0094F680 /* Weapon */ = {
			isa = PBXGroup;
			children = (
				14DEBF871310835C0094F680 /* CompWeapon.h */,
				14DEBF881310835C0094F680 /* CompWeapon.mm */,
				14DEBF891310835C0094F680 /* gecWeapon.h */,
				14DEBF8A1310835C0094F680 /* gecWeapon.mm */,
			);
			path = Weapon;
			sourceTree = "<group>";
		};
		14DEBF8D1310835C0094F680 /* Entities */ = {
			isa = PBXGroup;
			children = (
				14DEBF8E1310835C0094F680 /* GameEntity.h */,
				14DEBF8F1310835C0094F680 /* GameEntity.mm */,
				14DEBF901310835C0094F680 /* id_generator.h */,
				14DEBF911310835C0094F680 /* id_generator.mm */,
			);
			path = Entities;
			sourceTree = "<group>";
		};
		14DEBF921310835C0094F680 /* Events */ = {
			isa = PBXGroup;
			children = (
				14DEBF931310835C0094F680 /* EventBroadcaster.h */,
			);
			path = Events;
			sourceTree = "<group>";
		};
		14DEBF941310835C0094F680 /* External */ = {
			isa = PBXGroup;
			children = (
				14DEBFE31310835C0094F680 /* Box2D_Plug */,
				14DEBFED1310835C0094F680 /* Lua_Plug */,
			);
			path = External;
			sourceTree = "<group>";
		};
		14DEBFE31310835C0094F680 /* Box2D_Plug */ = {
			isa = PBXGroup;
			children = (
				14DEBFE41310835C0094F680 /* debug */,
				14DEBFE81310835C0094F680 /* GandoBox2D.h */,
				14DEBFE91310835C0094F680 /* GandoBox2D.mm */,
				14DEBFEA1310835C0094F680 /* GContactListener.h */,
				14DEBFEB1310835C0094F680 /* GContactListener.mm */,
			);
			path = Box2D_Plug;
			sourceTree = "<group>";
		};
		14DEBFE41310835C0094F680 /* debug */ = {
			isa = PBXGroup;
			children = (
				14DEBFE51310835C0094F680 /* GandoBox2DDebug.h */,
				14DEBFE61310835C0094F680 /* GLES-Render.cpp */,
				14DEBFE71310835C0094F680 /* GLES-Render.h */,
			);
			path = debug;
			sourceTree = "<group>";
		};
		14DEBFED1310835C0094F680 /* Lua_Plug */ = {
			isa = PBXGroup;
			children = (
				14DEBFEE1310835C0094F680 /* LuaInit.h */,
				14DEBFEF1310835C0094F680 /* LuaManager.h */,
				14DEBFF01310835C0094F680 /* LuaManager.mm */,
			);
			path = Lua_Plug;
			sourceTree = "<group>";
		};
		14DEBFF11310835C0094F680 /* Fonts */ = {
			isa = PBXGroup;
			children = (
				1430C81C131F050700AFA083 /* Interfaces */,
				1430C8D9131F4EF100AFA083 /* Implementations */,
			);
			path = Fonts;
			sourceTree = "<group>";
		};
		14DEBFF51310835C0094F680 /* OpenGL */ = {
			isa = PBXGroup;
			children = (
				14DEBFF61310835C0094F680 /* ccConfig.h */,
				14DEBFF81310835C0094F680 /* OpenGLCommon.h */,
				14DEBFF91310835C0094F680 /* Textures */,
			);
			path = OpenGL;
			sourceTree = "<group>";
		};
		14DEBFF91310835C0094F680 /* Textures */ = {
			isa = PBXGroup;
			children = (
				14DEBFFA1310835C0094F680 /* PVRTexture.h */,
				14DEBFFB1310835C0094F680 /* PVRTexture.m */,
				14DEBFFC1310835C0094F680 /* Texture2D.h */,
				14DEBFFD1310835C0094F680 /* Texture2D.m */,
			);
			path = Textures;
			sourceTree = "<group>";
		};
		14DEBFFE1310835C0094F680 /* Particles */ = {
			isa = PBXGroup;
			children = (
				1447AA0913272612000DCCD8 /* Particle.h */,
				1447AA0813272612000DCCD8 /* Particle.mm */,
			);
			path = Particles;
			sourceTree = "<group>";
		};
		14DEC00B1310835C0094F680 /* Renderer */ = {
			isa = PBXGroup;
			children = (
				14DEC00C1310835C0094F680 /* EAGLView.h */,
				14DEC00D1310835C0094F680 /* EAGLView.mm */,
				14DEC00E1310835C0094F680 /* ES1Renderer.h */,
				14DEC00F1310835C0094F680 /* ES1Renderer.mm */,
				14DEC0101310835C0094F680 /* ES2Renderer.h */,
				14DEC0111310835C0094F680 /* ES2Renderer.mm */,
				14DEC0121310835C0094F680 /* ESRenderer.h */,
			);
			path = Renderer;
			sourceTree = "<group>";
		};
		14DEC0131310835C0094F680 /* Scenes */ = {
			isa = PBXGroup;
			children = (
				14DEC0141310835C0094F680 /* Scene.h */,
				14DEC0151310835C0094F680 /* Scene.mm */,
			);
			path = Scenes;
			sourceTree = "<group>";
		};
		14DEC0161310835C0094F680 /* SharedManagers */ = {
			isa = PBXGroup;
			children = (
				14DEC0171310835C0094F680 /* GETemplateManager.h */,
				14DEC0181310835C0094F680 /* GETemplateManager.mm */,
				14DEC0191310835C0094F680 /* SceneManager.h */,
				14DEC01A1310835C0094F680 /* SceneManager.mm */,
				14DEC01B1310835C0094F680 /* SharedBehaviorManager.h */,
				14D2BA12132ABC0C00840B7C /* SharedTextureManager.h */,
				14DEC0201310835C0094F680 /* SharedTextureManager.mm */,
				148B1F851310A44100B1CE94 /* FontManager.h */,
				148B1F861310A44100B1CE94 /* FontManager.mm */,
				1447AA0C132730E6000DCCD8 /* ParticleManager.h */,
				1447AA0B132730E5000DCCD8 /* ParticleManager.mm */,
			);
			path = SharedManagers;
			sourceTree = "<group>";
		};
		14DEC0211310835C0094F680 /* Sprites */ = {
			isa = PBXGroup;
			children = (
				14DEC0221310835C0094F680 /* Animation.h */,
				14DEC0231310835C0094F680 /* Animation.mm */,
				14DEC0241310835C0094F680 /* Frame.h */,
				14DEC0251310835C0094F680 /* Frame.mm */,
				14DEC0261310835C0094F680 /* Image.h */,
				14DEC0271310835C0094F680 /* Image.mm */,
				14DEC0281310835C0094F680 /* SpriteSheet.h */,
				14DEC0291310835C0094F680 /* SpriteSheet.mm */,
			);
			path = Sprites;
			sourceTree = "<group>";
		};
		14DEC02A1310835C0094F680 /* Support */ = {
			isa = PBXGroup;
			children = (
				14DEBFF71310835C0094F680 /* ConstantsAndMacros.h */,
				14DEC02B1310835C0094F680 /* FileUtils.h */,
				14DEC02C1310835C0094F680 /* FileUtils.mm */,
				14DEC02D1310835C0094F680 /* HardwareClock.cpp */,
				14DEC02E1310835C0094F680 /* HardwareClock.h */,
				14DEC02F1310835C0094F680 /* VectorList.h */,
				1447AA0E13283E55000DCCD8 /* ObjectPool.h */,
				1498C7241329830400BA6EAF /* Range.h */,
			);
			path = Support;
			sourceTree = "<group>";
		};
		14E31352121E47E100917795 /* Classes */ = {
			isa = PBXGroup;
			children = (
				14E31353121E47E100917795 /* Engine */,
				14E31415121E47E200917795 /* main.mm */,
				14E31416121E47E200917795 /* Particles_2AppDelegate.h */,
				14E31417121E47E200917795 /* Particles_2AppDelegate.mm */,
			);
			path = Classes;
			sourceTree = "<group>";
		};
		14E31353121E47E100917795 /* Engine */ = {
			isa = PBXGroup;
			children = (
				14DEBF501310835C0094F680 /* Components */,
				14DEBF8D1310835C0094F680 /* Entities */,
				14DEBF921310835C0094F680 /* Events */,
				14DEBF941310835C0094F680 /* External */,
				14DEBFF11310835C0094F680 /* Fonts */,
				14DEBFF41310835C0094F680 /* ggEngine.h */,
				14DEBFF51310835C0094F680 /* OpenGL */,
				14DEBFFE1310835C0094F680 /* Particles */,
				14DEC00B1310835C0094F680 /* Renderer */,
				14DEC0131310835C0094F680 /* Scenes */,
				14DEC0161310835C0094F680 /* SharedManagers */,
				14DEC0211310835C0094F680 /* Sprites */,
				14DEC02A1310835C0094F680 /* Support */,
			);
			path = Engine;
			sourceTree = "<group>";
		};
		14E3146A121E47FE00917795 /* Resources */ = {
			isa = PBXGroup;
			children = (
				148AB5C313364E7E00FAB7CA /* Audio */,
				148B20CE1310C9C300B1CE94 /* Fonts */,
				14A2170312E7884700A4D8EC /* Scripts */,
				1433F5CF128ADC1D00878671 /* images */,
				14E31484121E47FE00917795 /* Shaders */,
			);
			path = Resources;
			sourceTree = "<group>";
		};
		14E31484121E47FE00917795 /* Shaders */ = {
			isa = PBXGroup;
			children = (
				14E31485121E47FE00917795 /* Shader.fsh */,
				14E31486121E47FE00917795 /* Shader.vsh */,
			);
			name = Shaders;
			path = ../Shaders;
			sourceTree = "<group>";
		};
		14E314CE121E49AA00917795 /* Frameworks */ = {
			isa = PBXGroup;
			children = (
				14AC9036133071DE00BB0A26 /* libCocosDenshion.a */,
				14ADA21C132E4F9800D3571D /* AudioToolbox.framework */,
				14AC7E13132E4DAB00D5ACA7 /* AVFoundation.framework */,
				14AC7E11132E4DA300D5ACA7 /* OpenAL.framework */,
				14E314CF121E49B900917795 /* CoreGraphics.framework */,
				14FB89E3121E4AC400E1B242 /* QuartzCore.framework */,
				14FB89E7121E4ACC00E1B242 /* OpenGLES.framework */,
				14FB89EB121E4AD400E1B242 /* UIKit.framework */,
				14FB89EF121E4ADB00E1B242 /* Foundation.framework */,
			);
			name = Frameworks;
			sourceTree = "<group>";
		};
		14F64F2B13101678006DBA13 /* Products */ = {
			isa = PBXGroup;
			children = (
				14F64F2F13101678006DBA13 /* libLua.a */,
			);
			name = Products;
			sourceTree = "<group>";
		};
		19C28FACFE9D520D11CA2CBB /* Products */ = {
			isa = PBXGroup;
			children = (
				1D6058910D05DD3D006BFB54 /* GandoEngine.app */,
			);
			name = Products;
			sourceTree = "<group>";
		};
		29B97314FDCFA39411CA2CEA /* CustomTemplate */ = {
			isa = PBXGroup;
			children = (
				144BAA0F13100C5A005AD895 /* Libraries */,
				14E314CE121E49AA00917795 /* Frameworks */,
				14E31352121E47E100917795 /* Classes */,
				14E31467121E47FE00917795 /* GandoEngine_Prefix.pch */,
				14E31468121E47FE00917795 /* Info.plist */,
				14E31469121E47FE00917795 /* MainWindow.xib */,
				14E3146A121E47FE00917795 /* Resources */,
				19C28FACFE9D520D11CA2CBB /* Products */,
			);
			name = CustomTemplate;
			sourceTree = "<group>";
		};
/* End PBXGroup section */

/* Begin PBXNativeTarget section */
		1D6058900D05DD3D006BFB54 /* GandoEngine */ = {
			isa = PBXNativeTarget;
			buildConfigurationList = 1D6058960D05DD3E006BFB54 /* Build configuration list for PBXNativeTarget "GandoEngine" */;
			buildPhases = (
				1D60588D0D05DD3D006BFB54 /* Resources */,
				1D60588E0D05DD3D006BFB54 /* Sources */,
				1D60588F0D05DD3D006BFB54 /* Frameworks */,
			);
			buildRules = (
			);
			dependencies = (
				144BAA2A13100CCD005AD895 /* PBXTargetDependency */,
				14DEBDA61310778D0094F680 /* PBXTargetDependency */,
				145A10181311E5CE0029FE31 /* PBXTargetDependency */,
			);
			name = GandoEngine;
			productName = Particles_2;
			productReference = 1D6058910D05DD3D006BFB54 /* GandoEngine.app */;
			productType = "com.apple.product-type.application";
		};
/* End PBXNativeTarget section */

/* Begin PBXProject section */
		29B97313FDCFA39411CA2CEA /* Project object */ = {
			isa = PBXProject;
			attributes = {
				BuildIndependentTargetsInParallel = NO;
			};
			buildConfigurationList = C01FCF4E08A954540054247B /* Build configuration list for PBXProject "GandoEngine" */;
			compatibilityVersion = "Xcode 3.1";
			developmentRegion = English;
			hasScannedForEncodings = 1;
			knownRegions = (
				English,
				Japanese,
				French,
				German,
			);
			mainGroup = 29B97314FDCFA39411CA2CEA /* CustomTemplate */;
			projectDirPath = "";
			projectReferences = (
				{
					ProductGroup = 14DEBD931310777C0094F680 /* Products */;
					ProjectRef = 14DEBD921310777C0094F680 /* box2d.xcodeproj */;
				},
				{
					ProductGroup = 14B127BE13104A720015D418 /* Products */;
					ProjectRef = 14B127BD13104A720015D418 /* ftgles.xcodeproj */;
				},
				{
					ProductGroup = 14F64F2B13101678006DBA13 /* Products */;
					ProjectRef = 14F64F2A13101678006DBA13 /* Lua.xcodeproj */;
				},
				{
					ProductGroup = 144BAA1A13100C77005AD895 /* Products */;
					ProjectRef = 144BAA1913100C77005AD895 /* luabind.xcodeproj */;
				},
			);
			projectRoot = "";
			targets = (
				1D6058900D05DD3D006BFB54 /* GandoEngine */,
			);
		};
/* End PBXProject section */

/* Begin PBXReferenceProxy section */
		144BAA2113100C77005AD895 /* libluabind.a */ = {
			isa = PBXReferenceProxy;
			fileType = archive.ar;
			path = libluabind.a;
			remoteRef = 144BAA2013100C77005AD895 /* PBXContainerItemProxy */;
			sourceTree = BUILT_PRODUCTS_DIR;
		};
		14B127C913104A730015D418 /* libFTGLES.a */ = {
			isa = PBXReferenceProxy;
			fileType = archive.ar;
			path = libFTGLES.a;
			remoteRef = 14B127C813104A730015D418 /* PBXContainerItemProxy */;
			sourceTree = BUILT_PRODUCTS_DIR;
		};
		14DEBD9A1310777C0094F680 /* libbox2d.a */ = {
			isa = PBXReferenceProxy;
			fileType = archive.ar;
			path = libbox2d.a;
			remoteRef = 14DEBD991310777C0094F680 /* PBXContainerItemProxy */;
			sourceTree = BUILT_PRODUCTS_DIR;
		};
		14F64F2F13101678006DBA13 /* libLua.a */ = {
			isa = PBXReferenceProxy;
			fileType = archive.ar;
			path = libLua.a;
			remoteRef = 14F64F2E13101678006DBA13 /* PBXContainerItemProxy */;
			sourceTree = BUILT_PRODUCTS_DIR;
		};
/* End PBXReferenceProxy section */

/* Begin PBXResourcesBuildPhase section */
		1D60588D0D05DD3D006BFB54 /* Resources */ = {
			isa = PBXResourcesBuildPhase;
			buildActionMask = 2147483647;
			files = (
				14D2B9FA132AAECB00840B7C /* Particle2.pvr in Resources */,
				14D2B9FB132AAECB00840B7C /* Particles3.pvr in Resources */,
				14FB89FA121E4C3300E1B242 /* Shader.fsh in Resources */,
				14FB89FB121E4C3300E1B242 /* Shader.vsh in Resources */,
				14E31488121E47FE00917795 /* MainWindow.xib in Resources */,
				14E3148E121E47FE00917795 /* button_attack.png in Resources */,
				14E31490121E47FE00917795 /* gando_box.png in Resources */,
				14E31492121E47FE00917795 /* hitter1_1.png in Resources */,
				14E31493121E47FE00917795 /* Icon.png in Resources */,
				14E31494121E47FE00917795 /* joypad_move.png in Resources */,
				14E31495121E47FE00917795 /* joystick-moving-path.png in Resources */,
				14E31499121E47FE00917795 /* pixel.png in Resources */,
				14E3149C121E47FE00917795 /* scenario_3.png in Resources */,
				14E3149E121E47FE00917795 /* smoke.png in Resources */,
				14E3149F121E47FE00917795 /* smoke.pvr in Resources */,
				14E314A0121E47FE00917795 /* sprite_test.png in Resources */,
				14A2171B12E7884700A4D8EC /* base_functions.lua in Resources */,
				14A2171C12E7884700A4D8EC /* ComponentBuilder.lua in Resources */,
				14A2171D12E7884700A4D8EC /* EntityBuilder.lua in Resources */,
				14A2171E12E7884700A4D8EC /* EntityMap.lua in Resources */,
				14A2171F12E7884700A4D8EC /* Pickle.lua in Resources */,
				14A2172012E7884700A4D8EC /* PrimitiveBuilder.lua in Resources */,
				14A2172112E7884700A4D8EC /* SceneBuilder.lua in Resources */,
				14A2172212E7884700A4D8EC /* tableprint.lua in Resources */,
				14A2172312E7884700A4D8EC /* gecFSM_interface.lua in Resources */,
				14A2172812E7884700A4D8EC /* event_manager.lua in Resources */,
				14A2172912E7884700A4D8EC /* init.lua in Resources */,
				14A2172A12E7884700A4D8EC /* main.lua in Resources */,
				14A218A212E89AC500A4D8EC /* character.lua in Resources */,
				14D1A7F512EDD8180070D86F /* hitter_1.lua in Resources */,
				14D1A7F612EDD8180070D86F /* joypad_1.lua in Resources */,
				14D1A85112EDE0570070D86F /* button_attack.lua in Resources */,
				1453691512F359A100B97FB4 /* weapon_1.lua in Resources */,
				143C241012F9116F009B37EF /* zero.lua in Resources */,
				14DC3FC612FDDE71004CC360 /* config_functions.lua in Resources */,
				14DC3FD312FDDE8E004CC360 /* config.lua in Resources */,
				148B20D01310C9CA00B1CE94 /* TOONISH.ttf in Resources */,
				1430CA7713201A3600AFA083 /* Diavlo_BLACK_II_37.otf in Resources */,
				1429A906132A620900314A28 /* game_entities_1.lua in Resources */,
				1429A907132A620900314A28 /* gui.lua in Resources */,
				1429A908132A620900314A28 /* world1.lua in Resources */,
				142DA6C0132A742A00BD2A38 /* particle_test_scene.lua in Resources */,
				149EBD01132DC23800CCC900 /* particle_emmiter.lua in Resources */,
				149EBD05132DC37500CCC900 /* particle_emmiter_spray.lua in Resources */,
				149EBD07132DC99D00CCC900 /* particle_emmiter_bomb.lua in Resources */,
				14E1A25D1332833A007C847F /* hitbutton.png in Resources */,
				148AB5C513364E8D00FAB7CA /* sonic_theme.mp3 in Resources */,
				148AB5C71337F22800FAB7CA /* character_ss_alpha.png in Resources */,
			);
			runOnlyForDeploymentPostprocessing = 0;
		};
/* End PBXResourcesBuildPhase section */

/* Begin PBXSourcesBuildPhase section */
		1D60588E0D05DD3D006BFB54 /* Sources */ = {
			isa = PBXSourcesBuildPhase;
			buildActionMask = 2147483647;
			files = (
				14E31465121E47E200917795 /* main.mm in Sources */,
				14E31466121E47E200917795 /* Particles_2AppDelegate.mm in Sources */,
				14DEC0301310835C0094F680 /* CompBehaviour.mm in Sources */,
				14DEC0311310835C0094F680 /* gecFSM.mm in Sources */,
				14DEC0321310835C0094F680 /* CompCollisionable.mm in Sources */,
				14DEC0331310835C0094F680 /* gecBoxCollisionable.mm in Sources */,
				14DEC0351310835C0094F680 /* CompTouchable.mm in Sources */,
				14DEC0361310835C0094F680 /* gecButton.mm in Sources */,
				14DEC0371310835C0094F680 /* gecJoystick.mm in Sources */,
				14DEC0381310835C0094F680 /* TouchableManager.mm in Sources */,
				14DEC0391310835C0094F680 /* CompHealth.cpp in Sources */,
				14DEC03A1310835C0094F680 /* gecHealthHuman.cpp in Sources */,
				14DEC03D1310835C0094F680 /* CompLevelLoader.mm in Sources */,
				14DEC03E1310835C0094F680 /* CompSpawn.mm in Sources */,
				14DEC03F1310835C0094F680 /* gecAnimatedSprite.mm in Sources */,
				14DEC0431310835C0094F680 /* gecVisualContainer.mm in Sources */,
				14DEC0441310835C0094F680 /* gecVisual.mm in Sources */,
				14DEC0451310835C0094F680 /* CompWeapon.mm in Sources */,
				14DEC0461310835C0094F680 /* gecWeapon.mm in Sources */,
				14DEC0471310835C0094F680 /* GEComponent.mm in Sources */,
				14DEC0481310835C0094F680 /* GameEntity.mm in Sources */,
				14DEC0491310835C0094F680 /* id_generator.mm in Sources */,
				14DEC06D1310835C0094F680 /* GLES-Render.cpp in Sources */,
				14DEC06E1310835C0094F680 /* GandoBox2D.mm in Sources */,
				14DEC06F1310835C0094F680 /* GContactListener.mm in Sources */,
				14DEC0701310835C0094F680 /* LuaManager.mm in Sources */,
				14DEC0721310835C0094F680 /* PVRTexture.m in Sources */,
				14DEC0731310835C0094F680 /* Texture2D.m in Sources */,
				14DEC0791310835C0094F680 /* EAGLView.mm in Sources */,
				14DEC07A1310835C0094F680 /* ES1Renderer.mm in Sources */,
				14DEC07B1310835C0094F680 /* ES2Renderer.mm in Sources */,
				14DEC07C1310835C0094F680 /* Scene.mm in Sources */,
				14DEC07D1310835C0094F680 /* GETemplateManager.mm in Sources */,
				14DEC07E1310835C0094F680 /* SceneManager.mm in Sources */,
				14DEC0811310835C0094F680 /* SharedTextureManager.mm in Sources */,
				14DEC0821310835C0094F680 /* Animation.mm in Sources */,
				14DEC0831310835C0094F680 /* Frame.mm in Sources */,
				14DEC0841310835C0094F680 /* Image.mm in Sources */,
				14DEC0851310835C0094F680 /* SpriteSheet.mm in Sources */,
				14DEC0861310835C0094F680 /* FileUtils.mm in Sources */,
				14DEC0871310835C0094F680 /* HardwareClock.cpp in Sources */,
				148B1F761310A2DC00B1CE94 /* gecFollowingCamera.mm in Sources */,
				148B1F771310A2DC00B1CE94 /* ICompCamera.mm in Sources */,
				148B1F871310A44100B1CE94 /* FontManager.mm in Sources */,
				148B1FBD1310AA9E00B1CE94 /* ftglesTextureFont.mm in Sources */,
				1430C7FC131F02F500AFA083 /* TextureTextRenderer.mm in Sources */,
				1447AA0A13272613000DCCD8 /* Particle.mm in Sources */,
				1447AA0D132730E7000DCCD8 /* ParticleManager.mm in Sources */,
				1447AA141328897D000DCCD8 /* gecParticleSystem.mm in Sources */,
				14AC9047133083E700BB0A26 /* CDAudioManager.m in Sources */,
				14AC9048133083E700BB0A26 /* CDOpenALSupport.m in Sources */,
				14AC9049133083E700BB0A26 /* CocosDenshion.m in Sources */,
				14AC904A133083E700BB0A26 /* SimpleAudioEngine.mm in Sources */,
				14AC904B133083E700BB0A26 /* SimpleAudioEngine_objc.m in Sources */,
			);
			runOnlyForDeploymentPostprocessing = 0;
		};
/* End PBXSourcesBuildPhase section */

/* Begin PBXTargetDependency section */
		144BAA2A13100CCD005AD895 /* PBXTargetDependency */ = {
			isa = PBXTargetDependency;
			name = luabind;
			targetProxy = 144BAA2913100CCD005AD895 /* PBXContainerItemProxy */;
		};
		145A10181311E5CE0029FE31 /* PBXTargetDependency */ = {
			isa = PBXTargetDependency;
			name = FTGLES;
			targetProxy = 145A10171311E5CE0029FE31 /* PBXContainerItemProxy */;
		};
		14DEBDA61310778D0094F680 /* PBXTargetDependency */ = {
			isa = PBXTargetDependency;
			name = box2d;
			targetProxy = 14DEBDA51310778D0094F680 /* PBXContainerItemProxy */;
		};
/* End PBXTargetDependency section */

/* Begin XCBuildConfiguration section */
		1D6058940D05DD3E006BFB54 /* Debug */ = {
			isa = XCBuildConfiguration;
			buildSettings = {
				ALWAYS_SEARCH_USER_PATHS = NO;
				ARCHS = "$(ARCHS_STANDARD_32_BIT)";
				COPY_PHASE_STRIP = NO;
				FRAMEWORK_SEARCH_PATHS = "";
				GCC_DYNAMIC_NO_PIC = NO;
				GCC_INLINES_ARE_PRIVATE_EXTERN = NO;
				GCC_OPTIMIZATION_LEVEL = 0;
				GCC_PRECOMPILE_PREFIX_HEADER = YES;
				GCC_PREFIX_HEADER = GandoEngine_Prefix.pch;
				GCC_SYMBOLS_PRIVATE_EXTERN = NO;
				"GCC_THUMB_SUPPORT[arch=armv6]" = "";
				GCC_VERSION = 4.2;
				INFOPLIST_FILE = Info.plist;
				IPHONEOS_DEPLOYMENT_TARGET = 4.0;
				LIBRARY_SEARCH_PATHS = (
					"$(inherited)",
					"\"$(SRCROOT)\"",
				);
				PRODUCT_NAME = GandoEngine;
			};
			name = Debug;
		};
		1D6058950D05DD3E006BFB54 /* Release */ = {
			isa = XCBuildConfiguration;
			buildSettings = {
				ALWAYS_SEARCH_USER_PATHS = NO;
				ARCHS = "$(ARCHS_STANDARD_32_BIT)";
				COPY_PHASE_STRIP = YES;
				FRAMEWORK_SEARCH_PATHS = "";
				GCC_INLINES_ARE_PRIVATE_EXTERN = NO;
				GCC_OPTIMIZATION_LEVEL = 3;
				GCC_PRECOMPILE_PREFIX_HEADER = YES;
				GCC_PREFIX_HEADER = GandoEngine_Prefix.pch;
				GCC_SYMBOLS_PRIVATE_EXTERN = NO;
				GCC_THUMB_SUPPORT = NO;
				"GCC_THUMB_SUPPORT[arch=armv6]" = "";
				GCC_VERSION = 4.2;
				INFOPLIST_FILE = Info.plist;
				IPHONEOS_DEPLOYMENT_TARGET = 4.0;
				LIBRARY_SEARCH_PATHS = (
					"$(inherited)",
					"\"$(SRCROOT)\"",
					"\"$(SRCROOT)/Libraries\"",
				);
				PRODUCT_NAME = GandoEngine;
			};
			name = Release;
		};
		C01FCF4F08A954540054247B /* Debug */ = {
			isa = XCBuildConfiguration;
			buildSettings = {
				ALWAYS_SEARCH_USER_PATHS = NO;
				ARCHS = "$(ARCHS_STANDARD_32_BIT)";
				"CODE_SIGN_IDENTITY[sdk=iphoneos*]" = "iPhone Developer: Nicolas Goles (K29F552GKG)";
				COPY_PHASE_STRIP = NO;
				DEAD_CODE_STRIPPING = NO;
				FRAMEWORK_SEARCH_PATHS = "";
				GCC_C_LANGUAGE_STANDARD = c99;
				GCC_OPTIMIZATION_LEVEL = 0;
				GCC_PREPROCESSOR_DEFINITIONS = DEBUG;
				GCC_THUMB_SUPPORT = NO;
				GCC_VERSION = com.apple.compilers.llvm.clang.1_0;
				GCC_WARN_ABOUT_RETURN_TYPE = YES;
				GCC_WARN_UNUSED_VARIABLE = YES;
				HEADER_SEARCH_PATHS = (
					/usr/include/my_boost,
					"$(SRCROOT)/**",
				);
				LIBRARY_SEARCH_PATHS = "";
				ONLY_ACTIVE_ARCH = YES;
				OTHER_CFLAGS = "-DTARGET_OS_IPHONE";
				OTHER_CPLUSPLUSFLAGS = "$(OTHER_CFLAGS)";
				PREBINDING = NO;
				SDKROOT = iphoneos;
				STRIP_INSTALLED_PRODUCT = NO;
				USER_HEADER_SEARCH_PATHS = "/usr/include/my_boost $(SRCROOT)/**";
			};
			name = Debug;
		};
		C01FCF5008A954540054247B /* Release */ = {
			isa = XCBuildConfiguration;
			buildSettings = {
				ALWAYS_SEARCH_USER_PATHS = NO;
				ARCHS = "$(ARCHS_STANDARD_32_BIT)";
				"CODE_SIGN_IDENTITY[sdk=iphoneos*]" = "iPhone Developer: Nicolas Goles (K29F552GKG)";
				COPY_PHASE_STRIP = YES;
				DEAD_CODE_STRIPPING = YES;
				FRAMEWORK_SEARCH_PATHS = "";
				GCC_C_LANGUAGE_STANDARD = c99;
				GCC_OPTIMIZATION_LEVEL = 3;
				GCC_THUMB_SUPPORT = NO;
				GCC_UNROLL_LOOPS = NO;
				GCC_VERSION = com.apple.compilers.llvm.clang.1_0;
				GCC_WARN_ABOUT_RETURN_TYPE = YES;
				GCC_WARN_UNUSED_VARIABLE = YES;
				HEADER_SEARCH_PATHS = (
					/usr/include/my_boost,
					"$(SRCROOT)/**",
				);
				LIBRARY_SEARCH_PATHS = "";
				ONLY_ACTIVE_ARCH = NO;
				OTHER_CFLAGS = "-DTARGET_OS_IPHONE";
				OTHER_CPLUSPLUSFLAGS = "-DTARGET_OS_IPHONE";
				OTHER_LDFLAGS = "";
				PREBINDING = NO;
				SDKROOT = iphoneos;
				STRIP_INSTALLED_PRODUCT = YES;
				USER_HEADER_SEARCH_PATHS = "/usr/include/my_boost $(SRCROOT)/**";
			};
			name = Release;
		};
/* End XCBuildConfiguration section */

/* Begin XCConfigurationList section */
		1D6058960D05DD3E006BFB54 /* Build configuration list for PBXNativeTarget "GandoEngine" */ = {
			isa = XCConfigurationList;
			buildConfigurations = (
				1D6058940D05DD3E006BFB54 /* Debug */,
				1D6058950D05DD3E006BFB54 /* Release */,
			);
			defaultConfigurationIsVisible = 0;
			defaultConfigurationName = Release;
		};
		C01FCF4E08A954540054247B /* Build configuration list for PBXProject "GandoEngine" */ = {
			isa = XCConfigurationList;
			buildConfigurations = (
				C01FCF4F08A954540054247B /* Debug */,
				C01FCF5008A954540054247B /* Release */,
			);
			defaultConfigurationIsVisible = 0;
			defaultConfigurationName = Release;
		};
/* End XCConfigurationList section */
	};
	rootObject = 29B97313FDCFA39411CA2CEA /* Project object */;
}
